// !$*UTF8*$!
{
	archiveVersion = 1;
	classes = {
	};
	objectVersion = 55;
	objects = {

/* Begin PBXBuildFile section */
		734AEC28275F5CE40038C013 /* MockRecording.swift in Sources */ = {isa = PBXBuildFile; fileRef = 734AEC27275F5CE40038C013 /* MockRecording.swift */; };
		735B7E182760B46900B48D7C /* AudioRecorderObject.swift in Sources */ = {isa = PBXBuildFile; fileRef = 735B7E172760B46900B48D7C /* AudioRecorderObject.swift */; };
		735B7E1A2760B48900B48D7C /* AudioRecorderObjectProtocol.swift in Sources */ = {isa = PBXBuildFile; fileRef = 735B7E192760B48900B48D7C /* AudioRecorderObjectProtocol.swift */; };
		735B7E1D2760B5D300B48D7C /* MockAudioRecorderObjectTest.swift in Sources */ = {isa = PBXBuildFile; fileRef = 735B7E1C2760B5D300B48D7C /* MockAudioRecorderObjectTest.swift */; };
		735B7E1F2760B5E600B48D7C /* AudioRecorderObjectTest.swift in Sources */ = {isa = PBXBuildFile; fileRef = 735B7E1E2760B5E600B48D7C /* AudioRecorderObjectTest.swift */; };
		735B7E212760D69A00B48D7C /* MockAVSession.swift in Sources */ = {isa = PBXBuildFile; fileRef = 735B7E202760D69A00B48D7C /* MockAVSession.swift */; };
		735B7E232760ED7800B48D7C /* RecorderModuleViewTest.swift in Sources */ = {isa = PBXBuildFile; fileRef = 735B7E222760ED7800B48D7C /* RecorderModuleViewTest.swift */; };
		735B7E252760EE4B00B48D7C /* MockRecorderModulePresenter.swift in Sources */ = {isa = PBXBuildFile; fileRef = 735B7E242760EE4B00B48D7C /* MockRecorderModulePresenter.swift */; };
		738A26B92757775B00F89B9E /* RecordingListInteractor.swift in Sources */ = {isa = PBXBuildFile; fileRef = 738A26B82757775B00F89B9E /* RecordingListInteractor.swift */; };
		738A26BB2757776800F89B9E /* RecordingListModuleInteractorOutputProtocol.swift in Sources */ = {isa = PBXBuildFile; fileRef = 738A26BA2757776800F89B9E /* RecordingListModuleInteractorOutputProtocol.swift */; };
		738A26BD2757777600F89B9E /* RecordingListModulePresenterProtocol.swift in Sources */ = {isa = PBXBuildFile; fileRef = 738A26BC2757777600F89B9E /* RecordingListModulePresenterProtocol.swift */; };
		738A26BF2757779F00F89B9E /* RecordingListModuleInteractorInputProtocol.swift in Sources */ = {isa = PBXBuildFile; fileRef = 738A26BE2757779F00F89B9E /* RecordingListModuleInteractorInputProtocol.swift */; };
		738A26C1275777A800F89B9E /* RecordingListModulePresenter.swift in Sources */ = {isa = PBXBuildFile; fileRef = 738A26C0275777A800F89B9E /* RecordingListModulePresenter.swift */; };
		738A26C3275777B500F89B9E /* RecordingListWireFrameProtocol.swift in Sources */ = {isa = PBXBuildFile; fileRef = 738A26C2275777B500F89B9E /* RecordingListWireFrameProtocol.swift */; };
		738A26C5275777BC00F89B9E /* RecordingListWireFrame.swift in Sources */ = {isa = PBXBuildFile; fileRef = 738A26C4275777BC00F89B9E /* RecordingListWireFrame.swift */; };
		738A26CA27577D6E00F89B9E /* RecordingListModuleViewProtocol.swift in Sources */ = {isa = PBXBuildFile; fileRef = 738A26C927577D6E00F89B9E /* RecordingListModuleViewProtocol.swift */; };
		738A26D12757878700F89B9E /* RecorderModuleView.swift in Sources */ = {isa = PBXBuildFile; fileRef = 738A26D02757878700F89B9E /* RecorderModuleView.swift */; };
		738A26D3275787A000F89B9E /* RecorderModuleViewProtocol.swift in Sources */ = {isa = PBXBuildFile; fileRef = 738A26D2275787A000F89B9E /* RecorderModuleViewProtocol.swift */; };
		738A26D5275787AA00F89B9E /* RecorderModuleInteractor.swift in Sources */ = {isa = PBXBuildFile; fileRef = 738A26D4275787AA00F89B9E /* RecorderModuleInteractor.swift */; };
		738A26D7275787B700F89B9E /* RecorderModuleInteractorInputProtocol.swift in Sources */ = {isa = PBXBuildFile; fileRef = 738A26D6275787B700F89B9E /* RecorderModuleInteractorInputProtocol.swift */; };
		738A26D9275787C200F89B9E /* RecorderModuleInteractorOutputProtocol.swift in Sources */ = {isa = PBXBuildFile; fileRef = 738A26D8275787C200F89B9E /* RecorderModuleInteractorOutputProtocol.swift */; };
		738A26DB275787D100F89B9E /* RecorderModulePresenter.swift in Sources */ = {isa = PBXBuildFile; fileRef = 738A26DA275787D100F89B9E /* RecorderModulePresenter.swift */; };
		738A26DD275787DA00F89B9E /* RecorderModulePresenterProtocol.swift in Sources */ = {isa = PBXBuildFile; fileRef = 738A26DC275787DA00F89B9E /* RecorderModulePresenterProtocol.swift */; };
		738A26DF275787E700F89B9E /* RecorderModuleWireFrame.swift in Sources */ = {isa = PBXBuildFile; fileRef = 738A26DE275787E700F89B9E /* RecorderModuleWireFrame.swift */; };
		738A26E1275787F700F89B9E /* RecorderModuleWireFrameProtocol.swift in Sources */ = {isa = PBXBuildFile; fileRef = 738A26E0275787F700F89B9E /* RecorderModuleWireFrameProtocol.swift */; };
		738A26E327578A9400F89B9E /* RecordingListInteractorOutput.swift in Sources */ = {isa = PBXBuildFile; fileRef = 738A26E227578A9400F89B9E /* RecordingListInteractorOutput.swift */; };
		738A26E527578B2100F89B9E /* RecorderModuleInteractorOutput.swift in Sources */ = {isa = PBXBuildFile; fileRef = 738A26E427578B2100F89B9E /* RecorderModuleInteractorOutput.swift */; };
		73944530275506D400075F30 /* AppDelegate.swift in Sources */ = {isa = PBXBuildFile; fileRef = 7394452F275506D400075F30 /* AppDelegate.swift */; };
		73944532275506D400075F30 /* SceneDelegate.swift in Sources */ = {isa = PBXBuildFile; fileRef = 73944531275506D400075F30 /* SceneDelegate.swift */; };
		73944534275506D400075F30 /* RecordingListModuleView.swift in Sources */ = {isa = PBXBuildFile; fileRef = 73944533275506D400075F30 /* RecordingListModuleView.swift */; };
		7394453A275506D400075F30 /* AudioRecorder.xcdatamodeld in Sources */ = {isa = PBXBuildFile; fileRef = 73944538275506D400075F30 /* AudioRecorder.xcdatamodeld */; };
		7394453C275506D600075F30 /* Assets.xcassets in Resources */ = {isa = PBXBuildFile; fileRef = 7394453B275506D600075F30 /* Assets.xcassets */; };
		7394453F275506D600075F30 /* LaunchScreen.storyboard in Resources */ = {isa = PBXBuildFile; fileRef = 7394453D275506D600075F30 /* LaunchScreen.storyboard */; };
		73BB0832275E09E200805629 /* GetRecordingsTest.swift in Sources */ = {isa = PBXBuildFile; fileRef = 73BB0831275E09E200805629 /* GetRecordingsTest.swift */; };
		73BB0834275E0A7500805629 /* MockCoreDataService.swift in Sources */ = {isa = PBXBuildFile; fileRef = 73BB0833275E0A7500805629 /* MockCoreDataService.swift */; };
		73BB0837275E103100805629 /* sound.mp3 in Resources */ = {isa = PBXBuildFile; fileRef = 73BB0836275E103100805629 /* sound.mp3 */; };
		73BB083A275E247000805629 /* ErrorHandler.swift in Sources */ = {isa = PBXBuildFile; fileRef = 73BB0839275E247000805629 /* ErrorHandler.swift */; };
		73C0FC19275A64EB00ED0846 /* MainControllerWireFrame.swift in Sources */ = {isa = PBXBuildFile; fileRef = 73C0FC18275A64EB00ED0846 /* MainControllerWireFrame.swift */; };
		73C0FC1B275A651300ED0846 /* MainControllerWireFrameProtocol.swift in Sources */ = {isa = PBXBuildFile; fileRef = 73C0FC1A275A651300ED0846 /* MainControllerWireFrameProtocol.swift */; };
		73C0FC1E275A74CA00ED0846 /* AppColors.swift in Sources */ = {isa = PBXBuildFile; fileRef = 73C0FC1D275A74CA00ED0846 /* AppColors.swift */; };
		73C0FC22275A777F00ED0846 /* PlayerModuleView.swift in Sources */ = {isa = PBXBuildFile; fileRef = 73C0FC21275A777F00ED0846 /* PlayerModuleView.swift */; };
		73C0FC28275A77B600ED0846 /* PlayerModuleViewProtocol.swift in Sources */ = {isa = PBXBuildFile; fileRef = 73C0FC27275A77B600ED0846 /* PlayerModuleViewProtocol.swift */; };
		73C0FC2A275A77C000ED0846 /* PlayerModuleInteractor.swift in Sources */ = {isa = PBXBuildFile; fileRef = 73C0FC29275A77C000ED0846 /* PlayerModuleInteractor.swift */; };
		73C0FC2C275A77D500ED0846 /* PlayerModuleInteractorInputProtocol.swift in Sources */ = {isa = PBXBuildFile; fileRef = 73C0FC2B275A77D500ED0846 /* PlayerModuleInteractorInputProtocol.swift */; };
		73C0FC2E275A77E600ED0846 /* PlayerModuleInteractorOutputProtocol.swift in Sources */ = {isa = PBXBuildFile; fileRef = 73C0FC2D275A77E600ED0846 /* PlayerModuleInteractorOutputProtocol.swift */; };
		73C0FC30275A77ED00ED0846 /* PlayerModulePresenter.swift in Sources */ = {isa = PBXBuildFile; fileRef = 73C0FC2F275A77ED00ED0846 /* PlayerModulePresenter.swift */; };
		73C0FC32275A77F800ED0846 /* PlayerModulePresenterProtocol.swift in Sources */ = {isa = PBXBuildFile; fileRef = 73C0FC31275A77F800ED0846 /* PlayerModulePresenterProtocol.swift */; };
		73C0FC34275A780200ED0846 /* PlayerModuleWireFrame.swift in Sources */ = {isa = PBXBuildFile; fileRef = 73C0FC33275A780200ED0846 /* PlayerModuleWireFrame.swift */; };
		73C0FC36275A780800ED0846 /* PlayerModuleProtocols.swift in Sources */ = {isa = PBXBuildFile; fileRef = 73C0FC35275A780800ED0846 /* PlayerModuleProtocols.swift */; };
		73C0FC38275A848B00ED0846 /* PlayerModuleInteractorOutput.swift in Sources */ = {isa = PBXBuildFile; fileRef = 73C0FC37275A848B00ED0846 /* PlayerModuleInteractorOutput.swift */; };
		73D39057275CD95A00D5C668 /* CoreDataService.swift in Sources */ = {isa = PBXBuildFile; fileRef = 73D39056275CD95A00D5C668 /* CoreDataService.swift */; };
		73D3905B275CDD5400D5C668 /* GetRecordings.swift in Sources */ = {isa = PBXBuildFile; fileRef = 73D3905A275CDD5400D5C668 /* GetRecordings.swift */; };
		73DD32ED275F78BA001538FF /* MockedRecordingListModuleView.swift in Sources */ = {isa = PBXBuildFile; fileRef = 73DD32EC275F78BA001538FF /* MockedRecordingListModuleView.swift */; };
		73DD32EF275F79B5001538FF /* MockedRecordingListModuleInteractor.swift in Sources */ = {isa = PBXBuildFile; fileRef = 73DD32EE275F79B5001538FF /* MockedRecordingListModuleInteractor.swift */; };
		73DD32F2275F85BD001538FF /* RecordingCell.swift in Sources */ = {isa = PBXBuildFile; fileRef = 73DD32F1275F85BD001538FF /* RecordingCell.swift */; };
		73E4E25F275BA9B500A50E62 /* RecordingListModuleViewTest.swift in Sources */ = {isa = PBXBuildFile; fileRef = 73E4E25E275BA9B500A50E62 /* RecordingListModuleViewTest.swift */; };
		73E4E263275BAB0A00A50E62 /* MockRecordingListModulePresenter.swift in Sources */ = {isa = PBXBuildFile; fileRef = 73E4E262275BAB0A00A50E62 /* MockRecordingListModulePresenter.swift */; };
		73E4E265275BBF0200A50E62 /* RecordingListModulePresenterTest.swift in Sources */ = {isa = PBXBuildFile; fileRef = 73E4E264275BBF0200A50E62 /* RecordingListModulePresenterTest.swift */; };
		73E4E267275BC02B00A50E62 /* MockRecordingListModuleWireFrame.swift in Sources */ = {isa = PBXBuildFile; fileRef = 73E4E266275BC02B00A50E62 /* MockRecordingListModuleWireFrame.swift */; };
/* End PBXBuildFile section */

/* Begin PBXContainerItemProxy section */
		73E4E259275BA65600A50E62 /* PBXContainerItemProxy */ = {
			isa = PBXContainerItemProxy;
			containerPortal = 73944524275506D400075F30 /* Project object */;
			proxyType = 1;
			remoteGlobalIDString = 7394452B275506D400075F30;
			remoteInfo = AudioRecorder;
		};
/* End PBXContainerItemProxy section */

/* Begin PBXFileReference section */
		734AEC27275F5CE40038C013 /* MockRecording.swift */ = {isa = PBXFileReference; lastKnownFileType = sourcecode.swift; path = MockRecording.swift; sourceTree = "<group>"; };
		735B7E172760B46900B48D7C /* AudioRecorderObject.swift */ = {isa = PBXFileReference; lastKnownFileType = sourcecode.swift; path = AudioRecorderObject.swift; sourceTree = "<group>"; };
		735B7E192760B48900B48D7C /* AudioRecorderObjectProtocol.swift */ = {isa = PBXFileReference; lastKnownFileType = sourcecode.swift; path = AudioRecorderObjectProtocol.swift; sourceTree = "<group>"; };
		735B7E1C2760B5D300B48D7C /* MockAudioRecorderObjectTest.swift */ = {isa = PBXFileReference; lastKnownFileType = sourcecode.swift; path = MockAudioRecorderObjectTest.swift; sourceTree = "<group>"; };
		735B7E1E2760B5E600B48D7C /* AudioRecorderObjectTest.swift */ = {isa = PBXFileReference; lastKnownFileType = sourcecode.swift; path = AudioRecorderObjectTest.swift; sourceTree = "<group>"; };
		735B7E202760D69A00B48D7C /* MockAVSession.swift */ = {isa = PBXFileReference; lastKnownFileType = sourcecode.swift; path = MockAVSession.swift; sourceTree = "<group>"; };
		735B7E222760ED7800B48D7C /* RecorderModuleViewTest.swift */ = {isa = PBXFileReference; lastKnownFileType = sourcecode.swift; path = RecorderModuleViewTest.swift; sourceTree = "<group>"; };
		735B7E242760EE4B00B48D7C /* MockRecorderModulePresenter.swift */ = {isa = PBXFileReference; lastKnownFileType = sourcecode.swift; path = MockRecorderModulePresenter.swift; sourceTree = "<group>"; };
		738A26B82757775B00F89B9E /* RecordingListInteractor.swift */ = {isa = PBXFileReference; lastKnownFileType = sourcecode.swift; path = RecordingListInteractor.swift; sourceTree = "<group>"; };
		738A26BA2757776800F89B9E /* RecordingListModuleInteractorOutputProtocol.swift */ = {isa = PBXFileReference; lastKnownFileType = sourcecode.swift; path = RecordingListModuleInteractorOutputProtocol.swift; sourceTree = "<group>"; };
		738A26BC2757777600F89B9E /* RecordingListModulePresenterProtocol.swift */ = {isa = PBXFileReference; lastKnownFileType = sourcecode.swift; path = RecordingListModulePresenterProtocol.swift; sourceTree = "<group>"; };
		738A26BE2757779F00F89B9E /* RecordingListModuleInteractorInputProtocol.swift */ = {isa = PBXFileReference; lastKnownFileType = sourcecode.swift; path = RecordingListModuleInteractorInputProtocol.swift; sourceTree = "<group>"; };
		738A26C0275777A800F89B9E /* RecordingListModulePresenter.swift */ = {isa = PBXFileReference; lastKnownFileType = sourcecode.swift; path = RecordingListModulePresenter.swift; sourceTree = "<group>"; };
		738A26C2275777B500F89B9E /* RecordingListWireFrameProtocol.swift */ = {isa = PBXFileReference; lastKnownFileType = sourcecode.swift; path = RecordingListWireFrameProtocol.swift; sourceTree = "<group>"; };
		738A26C4275777BC00F89B9E /* RecordingListWireFrame.swift */ = {isa = PBXFileReference; lastKnownFileType = sourcecode.swift; path = RecordingListWireFrame.swift; sourceTree = "<group>"; };
		738A26C927577D6E00F89B9E /* RecordingListModuleViewProtocol.swift */ = {isa = PBXFileReference; lastKnownFileType = sourcecode.swift; path = RecordingListModuleViewProtocol.swift; sourceTree = "<group>"; };
		738A26D02757878700F89B9E /* RecorderModuleView.swift */ = {isa = PBXFileReference; lastKnownFileType = sourcecode.swift; path = RecorderModuleView.swift; sourceTree = "<group>"; };
		738A26D2275787A000F89B9E /* RecorderModuleViewProtocol.swift */ = {isa = PBXFileReference; lastKnownFileType = sourcecode.swift; path = RecorderModuleViewProtocol.swift; sourceTree = "<group>"; };
		738A26D4275787AA00F89B9E /* RecorderModuleInteractor.swift */ = {isa = PBXFileReference; lastKnownFileType = sourcecode.swift; path = RecorderModuleInteractor.swift; sourceTree = "<group>"; };
		738A26D6275787B700F89B9E /* RecorderModuleInteractorInputProtocol.swift */ = {isa = PBXFileReference; lastKnownFileType = sourcecode.swift; path = RecorderModuleInteractorInputProtocol.swift; sourceTree = "<group>"; };
		738A26D8275787C200F89B9E /* RecorderModuleInteractorOutputProtocol.swift */ = {isa = PBXFileReference; lastKnownFileType = sourcecode.swift; path = RecorderModuleInteractorOutputProtocol.swift; sourceTree = "<group>"; };
		738A26DA275787D100F89B9E /* RecorderModulePresenter.swift */ = {isa = PBXFileReference; lastKnownFileType = sourcecode.swift; path = RecorderModulePresenter.swift; sourceTree = "<group>"; };
		738A26DC275787DA00F89B9E /* RecorderModulePresenterProtocol.swift */ = {isa = PBXFileReference; lastKnownFileType = sourcecode.swift; path = RecorderModulePresenterProtocol.swift; sourceTree = "<group>"; };
		738A26DE275787E700F89B9E /* RecorderModuleWireFrame.swift */ = {isa = PBXFileReference; lastKnownFileType = sourcecode.swift; path = RecorderModuleWireFrame.swift; sourceTree = "<group>"; };
		738A26E0275787F700F89B9E /* RecorderModuleWireFrameProtocol.swift */ = {isa = PBXFileReference; lastKnownFileType = sourcecode.swift; path = RecorderModuleWireFrameProtocol.swift; sourceTree = "<group>"; };
		738A26E227578A9400F89B9E /* RecordingListInteractorOutput.swift */ = {isa = PBXFileReference; lastKnownFileType = sourcecode.swift; path = RecordingListInteractorOutput.swift; sourceTree = "<group>"; };
		738A26E427578B2100F89B9E /* RecorderModuleInteractorOutput.swift */ = {isa = PBXFileReference; lastKnownFileType = sourcecode.swift; path = RecorderModuleInteractorOutput.swift; sourceTree = "<group>"; };
		7394452C275506D400075F30 /* AudioRecorder.app */ = {isa = PBXFileReference; explicitFileType = wrapper.application; includeInIndex = 0; path = AudioRecorder.app; sourceTree = BUILT_PRODUCTS_DIR; };
		7394452F275506D400075F30 /* AppDelegate.swift */ = {isa = PBXFileReference; lastKnownFileType = sourcecode.swift; path = AppDelegate.swift; sourceTree = "<group>"; };
		73944531275506D400075F30 /* SceneDelegate.swift */ = {isa = PBXFileReference; lastKnownFileType = sourcecode.swift; path = SceneDelegate.swift; sourceTree = "<group>"; };
		73944533275506D400075F30 /* RecordingListModuleView.swift */ = {isa = PBXFileReference; lastKnownFileType = sourcecode.swift; path = RecordingListModuleView.swift; sourceTree = "<group>"; };
		73944539275506D400075F30 /* AudioRecorder.xcdatamodel */ = {isa = PBXFileReference; lastKnownFileType = wrapper.xcdatamodel; path = AudioRecorder.xcdatamodel; sourceTree = "<group>"; };
		7394453B275506D600075F30 /* Assets.xcassets */ = {isa = PBXFileReference; lastKnownFileType = folder.assetcatalog; path = Assets.xcassets; sourceTree = "<group>"; };
		7394453E275506D600075F30 /* Base */ = {isa = PBXFileReference; lastKnownFileType = file.storyboard; name = Base; path = Base.lproj/LaunchScreen.storyboard; sourceTree = "<group>"; };
		73944540275506D600075F30 /* Info.plist */ = {isa = PBXFileReference; lastKnownFileType = text.plist.xml; path = Info.plist; sourceTree = "<group>"; };
		73BB0831275E09E200805629 /* GetRecordingsTest.swift */ = {isa = PBXFileReference; lastKnownFileType = sourcecode.swift; name = GetRecordingsTest.swift; path = AudioRecorderTests/GetRecordingsTest/GetRecordingsTest.swift; sourceTree = SOURCE_ROOT; };
		73BB0833275E0A7500805629 /* MockCoreDataService.swift */ = {isa = PBXFileReference; lastKnownFileType = sourcecode.swift; path = MockCoreDataService.swift; sourceTree = "<group>"; };
		73BB0836275E103100805629 /* sound.mp3 */ = {isa = PBXFileReference; lastKnownFileType = audio.mp3; path = sound.mp3; sourceTree = "<group>"; };
		73BB0839275E247000805629 /* ErrorHandler.swift */ = {isa = PBXFileReference; lastKnownFileType = sourcecode.swift; path = ErrorHandler.swift; sourceTree = "<group>"; };
		73C0FC18275A64EB00ED0846 /* MainControllerWireFrame.swift */ = {isa = PBXFileReference; fileEncoding = 4; lastKnownFileType = sourcecode.swift; path = MainControllerWireFrame.swift; sourceTree = "<group>"; };
		73C0FC1A275A651300ED0846 /* MainControllerWireFrameProtocol.swift */ = {isa = PBXFileReference; fileEncoding = 4; lastKnownFileType = sourcecode.swift; path = MainControllerWireFrameProtocol.swift; sourceTree = "<group>"; };
		73C0FC1D275A74CA00ED0846 /* AppColors.swift */ = {isa = PBXFileReference; lastKnownFileType = sourcecode.swift; path = AppColors.swift; sourceTree = "<group>"; };
		73C0FC21275A777F00ED0846 /* PlayerModuleView.swift */ = {isa = PBXFileReference; lastKnownFileType = sourcecode.swift; path = PlayerModuleView.swift; sourceTree = "<group>"; };
		73C0FC27275A77B600ED0846 /* PlayerModuleViewProtocol.swift */ = {isa = PBXFileReference; lastKnownFileType = sourcecode.swift; path = PlayerModuleViewProtocol.swift; sourceTree = "<group>"; };
		73C0FC29275A77C000ED0846 /* PlayerModuleInteractor.swift */ = {isa = PBXFileReference; lastKnownFileType = sourcecode.swift; path = PlayerModuleInteractor.swift; sourceTree = "<group>"; };
		73C0FC2B275A77D500ED0846 /* PlayerModuleInteractorInputProtocol.swift */ = {isa = PBXFileReference; lastKnownFileType = sourcecode.swift; path = PlayerModuleInteractorInputProtocol.swift; sourceTree = "<group>"; };
		73C0FC2D275A77E600ED0846 /* PlayerModuleInteractorOutputProtocol.swift */ = {isa = PBXFileReference; lastKnownFileType = sourcecode.swift; path = PlayerModuleInteractorOutputProtocol.swift; sourceTree = "<group>"; };
		73C0FC2F275A77ED00ED0846 /* PlayerModulePresenter.swift */ = {isa = PBXFileReference; lastKnownFileType = sourcecode.swift; path = PlayerModulePresenter.swift; sourceTree = "<group>"; };
		73C0FC31275A77F800ED0846 /* PlayerModulePresenterProtocol.swift */ = {isa = PBXFileReference; lastKnownFileType = sourcecode.swift; path = PlayerModulePresenterProtocol.swift; sourceTree = "<group>"; };
		73C0FC33275A780200ED0846 /* PlayerModuleWireFrame.swift */ = {isa = PBXFileReference; lastKnownFileType = sourcecode.swift; path = PlayerModuleWireFrame.swift; sourceTree = "<group>"; };
		73C0FC35275A780800ED0846 /* PlayerModuleProtocols.swift */ = {isa = PBXFileReference; lastKnownFileType = sourcecode.swift; path = PlayerModuleProtocols.swift; sourceTree = "<group>"; };
		73C0FC37275A848B00ED0846 /* PlayerModuleInteractorOutput.swift */ = {isa = PBXFileReference; lastKnownFileType = sourcecode.swift; path = PlayerModuleInteractorOutput.swift; sourceTree = "<group>"; };
		73D39056275CD95A00D5C668 /* CoreDataService.swift */ = {isa = PBXFileReference; lastKnownFileType = sourcecode.swift; path = CoreDataService.swift; sourceTree = "<group>"; };
		73D3905A275CDD5400D5C668 /* GetRecordings.swift */ = {isa = PBXFileReference; lastKnownFileType = sourcecode.swift; path = GetRecordings.swift; sourceTree = "<group>"; };
		73DD32EC275F78BA001538FF /* MockedRecordingListModuleView.swift */ = {isa = PBXFileReference; lastKnownFileType = sourcecode.swift; path = MockedRecordingListModuleView.swift; sourceTree = "<group>"; };
		73DD32EE275F79B5001538FF /* MockedRecordingListModuleInteractor.swift */ = {isa = PBXFileReference; lastKnownFileType = sourcecode.swift; path = MockedRecordingListModuleInteractor.swift; sourceTree = "<group>"; };
		73DD32F1275F85BD001538FF /* RecordingCell.swift */ = {isa = PBXFileReference; lastKnownFileType = sourcecode.swift; path = RecordingCell.swift; sourceTree = "<group>"; };
		73E4E255275BA65600A50E62 /* AudioRecorderTests.xctest */ = {isa = PBXFileReference; explicitFileType = wrapper.cfbundle; includeInIndex = 0; path = AudioRecorderTests.xctest; sourceTree = BUILT_PRODUCTS_DIR; };
		73E4E25E275BA9B500A50E62 /* RecordingListModuleViewTest.swift */ = {isa = PBXFileReference; lastKnownFileType = sourcecode.swift; path = RecordingListModuleViewTest.swift; sourceTree = "<group>"; };
		73E4E262275BAB0A00A50E62 /* MockRecordingListModulePresenter.swift */ = {isa = PBXFileReference; lastKnownFileType = sourcecode.swift; path = MockRecordingListModulePresenter.swift; sourceTree = "<group>"; };
		73E4E264275BBF0200A50E62 /* RecordingListModulePresenterTest.swift */ = {isa = PBXFileReference; lastKnownFileType = sourcecode.swift; name = RecordingListModulePresenterTest.swift; path = ../RecorderLisModuleWireFrameTest/RecordingListModulePresenterTest.swift; sourceTree = "<group>"; };
		73E4E266275BC02B00A50E62 /* MockRecordingListModuleWireFrame.swift */ = {isa = PBXFileReference; lastKnownFileType = sourcecode.swift; path = MockRecordingListModuleWireFrame.swift; sourceTree = "<group>"; };
/* End PBXFileReference section */

/* Begin PBXFrameworksBuildPhase section */
		73944529275506D400075F30 /* Frameworks */ = {
			isa = PBXFrameworksBuildPhase;
			buildActionMask = 2147483647;
			files = (
			);
			runOnlyForDeploymentPostprocessing = 0;
		};
		73E4E252275BA65600A50E62 /* Frameworks */ = {
			isa = PBXFrameworksBuildPhase;
			buildActionMask = 2147483647;
			files = (
			);
			runOnlyForDeploymentPostprocessing = 0;
		};
/* End PBXFrameworksBuildPhase section */

/* Begin PBXGroup section */
		734AEC21275F5A050038C013 /* RecordingListModuleTest */ = {
			isa = PBXGroup;
			children = (
				73E4E261275BA9FE00A50E62 /* Mocked */,
				734AEC26275F5B050038C013 /* RecordingListModuleViewTest */,
				734AEC22275F5A110038C013 /* RecordingListModulePresenterTest */,
			);
			path = RecordingListModuleTest;
			sourceTree = "<group>";
		};
		734AEC22275F5A110038C013 /* RecordingListModulePresenterTest */ = {
			isa = PBXGroup;
			children = (
				73E4E264275BBF0200A50E62 /* RecordingListModulePresenterTest.swift */,
			);
			path = RecordingListModulePresenterTest;
			sourceTree = "<group>";
		};
		734AEC26275F5B050038C013 /* RecordingListModuleViewTest */ = {
			isa = PBXGroup;
			children = (
				73E4E25E275BA9B500A50E62 /* RecordingListModuleViewTest.swift */,
			);
			path = RecordingListModuleViewTest;
			sourceTree = "<group>";
		};
		735B7E162760B45700B48D7C /* RecorderObject */ = {
			isa = PBXGroup;
			children = (
				735B7E172760B46900B48D7C /* AudioRecorderObject.swift */,
				735B7E192760B48900B48D7C /* AudioRecorderObjectProtocol.swift */,
			);
			path = RecorderObject;
			sourceTree = "<group>";
		};
		735B7E1B2760B5B500B48D7C /* AudioRecorderObjectTest */ = {
			isa = PBXGroup;
			children = (
				735B7E1E2760B5E600B48D7C /* AudioRecorderObjectTest.swift */,
				735B7E1C2760B5D300B48D7C /* MockAudioRecorderObjectTest.swift */,
				735B7E202760D69A00B48D7C /* MockAVSession.swift */,
			);
			path = AudioRecorderObjectTest;
			sourceTree = "<group>";
		};
		735B7E262760EE7E00B48D7C /* Mock */ = {
			isa = PBXGroup;
			children = (
				735B7E242760EE4B00B48D7C /* MockRecorderModulePresenter.swift */,
			);
			path = Mock;
			sourceTree = "<group>";
		};
		738A26CB2757873D00F89B9E /* RecorderModule */ = {
			isa = PBXGroup;
			children = (
				738A26CC2757874A00F89B9E /* View */,
				738A26CD2757875000F89B9E /* Interactor */,
				738A26CE2757875700F89B9E /* Presenter */,
				738A26CF2757875E00F89B9E /* WireFrame */,
			);
			path = RecorderModule;
			sourceTree = "<group>";
		};
		738A26CC2757874A00F89B9E /* View */ = {
			isa = PBXGroup;
			children = (
				738A26D02757878700F89B9E /* RecorderModuleView.swift */,
				738A26D2275787A000F89B9E /* RecorderModuleViewProtocol.swift */,
			);
			path = View;
			sourceTree = "<group>";
		};
		738A26CD2757875000F89B9E /* Interactor */ = {
			isa = PBXGroup;
			children = (
				738A26D4275787AA00F89B9E /* RecorderModuleInteractor.swift */,
				738A26D6275787B700F89B9E /* RecorderModuleInteractorInputProtocol.swift */,
				738A26D8275787C200F89B9E /* RecorderModuleInteractorOutputProtocol.swift */,
				738A26E427578B2100F89B9E /* RecorderModuleInteractorOutput.swift */,
			);
			path = Interactor;
			sourceTree = "<group>";
		};
		738A26CE2757875700F89B9E /* Presenter */ = {
			isa = PBXGroup;
			children = (
				738A26DA275787D100F89B9E /* RecorderModulePresenter.swift */,
				738A26DC275787DA00F89B9E /* RecorderModulePresenterProtocol.swift */,
			);
			path = Presenter;
			sourceTree = "<group>";
		};
		738A26CF2757875E00F89B9E /* WireFrame */ = {
			isa = PBXGroup;
			children = (
				738A26DE275787E700F89B9E /* RecorderModuleWireFrame.swift */,
				738A26E0275787F700F89B9E /* RecorderModuleWireFrameProtocol.swift */,
			);
			path = WireFrame;
			sourceTree = "<group>";
		};
		73944523275506D400075F30 = {
			isa = PBXGroup;
			children = (
				7394452E275506D400075F30 /* AudioRecorder */,
				73E4E256275BA65600A50E62 /* AudioRecorderTests */,
				7394452D275506D400075F30 /* Products */,
			);
			sourceTree = "<group>";
		};
		7394452D275506D400075F30 /* Products */ = {
			isa = PBXGroup;
			children = (
				7394452C275506D400075F30 /* AudioRecorder.app */,
				73E4E255275BA65600A50E62 /* AudioRecorderTests.xctest */,
			);
			name = Products;
			sourceTree = "<group>";
		};
		7394452E275506D400075F30 /* AudioRecorder */ = {
			isa = PBXGroup;
			children = (
				735B7E162760B45700B48D7C /* RecorderObject */,
				73DD32F0275F85A3001538FF /* UIComponents */,
				73D39055275CD94900D5C668 /* CoreDataService */,
				73C0FC1F275A755000ED0846 /* AppConstans */,
				73C0FC15275A64CC00ED0846 /* NavigationBuilder */,
				739445662755075F00075F30 /* RecordingListModule */,
				738A26CB2757873D00F89B9E /* RecorderModule */,
				73C0FC20275A776300ED0846 /* PlayerModule */,
				739445632755073E00075F30 /* Application */,
				739445642755074B00075F30 /* Model */,
				73944540275506D600075F30 /* Info.plist */,
				73944538275506D400075F30 /* AudioRecorder.xcdatamodeld */,
			);
			path = AudioRecorder;
			sourceTree = "<group>";
		};
		739445622755073600075F30 /* View */ = {
			isa = PBXGroup;
			children = (
				73944533275506D400075F30 /* RecordingListModuleView.swift */,
				738A26C927577D6E00F89B9E /* RecordingListModuleViewProtocol.swift */,
			);
			path = View;
			sourceTree = "<group>";
		};
		739445632755073E00075F30 /* Application */ = {
			isa = PBXGroup;
			children = (
				73BB0836275E103100805629 /* sound.mp3 */,
				7394452F275506D400075F30 /* AppDelegate.swift */,
				73944531275506D400075F30 /* SceneDelegate.swift */,
				7394453B275506D600075F30 /* Assets.xcassets */,
				7394453D275506D600075F30 /* LaunchScreen.storyboard */,
			);
			path = Application;
			sourceTree = "<group>";
		};
		739445642755074B00075F30 /* Model */ = {
			isa = PBXGroup;
			children = (
			);
			path = Model;
			sourceTree = "<group>";
		};
		739445652755075400075F30 /* Presenter */ = {
			isa = PBXGroup;
			children = (
				738A26BC2757777600F89B9E /* RecordingListModulePresenterProtocol.swift */,
				738A26C0275777A800F89B9E /* RecordingListModulePresenter.swift */,
			);
			path = Presenter;
			sourceTree = "<group>";
		};
		739445662755075F00075F30 /* RecordingListModule */ = {
			isa = PBXGroup;
			children = (
				739445622755073600075F30 /* View */,
				739445672755077800075F30 /* Interactor */,
				739445652755075400075F30 /* Presenter */,
				739445682755078300075F30 /* WireFrame */,
			);
			path = RecordingListModule;
			sourceTree = "<group>";
		};
		739445672755077800075F30 /* Interactor */ = {
			isa = PBXGroup;
			children = (
				738A26B82757775B00F89B9E /* RecordingListInteractor.swift */,
				738A26E227578A9400F89B9E /* RecordingListInteractorOutput.swift */,
				738A26BA2757776800F89B9E /* RecordingListModuleInteractorOutputProtocol.swift */,
				738A26BE2757779F00F89B9E /* RecordingListModuleInteractorInputProtocol.swift */,
			);
			path = Interactor;
			sourceTree = "<group>";
		};
		739445682755078300075F30 /* WireFrame */ = {
			isa = PBXGroup;
			children = (
				738A26C2275777B500F89B9E /* RecordingListWireFrameProtocol.swift */,
				738A26C4275777BC00F89B9E /* RecordingListWireFrame.swift */,
			);
			path = WireFrame;
			sourceTree = "<group>";
		};
		73BB0830275E02F600805629 /* GetRecordingsTest */ = {
			isa = PBXGroup;
			children = (
				73BB0831275E09E200805629 /* GetRecordingsTest.swift */,
				73BB0835275E0A7800805629 /* Mock */,
			);
			path = GetRecordingsTest;
			sourceTree = "<group>";
		};
		73BB0835275E0A7800805629 /* Mock */ = {
			isa = PBXGroup;
			children = (
				73BB0833275E0A7500805629 /* MockCoreDataService.swift */,
			);
			path = Mock;
			sourceTree = "<group>";
		};
		73C0FC15275A64CC00ED0846 /* NavigationBuilder */ = {
			isa = PBXGroup;
			children = (
				73C0FC1A275A651300ED0846 /* MainControllerWireFrameProtocol.swift */,
				73C0FC18275A64EB00ED0846 /* MainControllerWireFrame.swift */,
			);
			path = NavigationBuilder;
			sourceTree = "<group>";
		};
		73C0FC1F275A755000ED0846 /* AppConstans */ = {
			isa = PBXGroup;
			children = (
				73C0FC1D275A74CA00ED0846 /* AppColors.swift */,
				73BB0839275E247000805629 /* ErrorHandler.swift */,
			);
			path = AppConstans;
			sourceTree = "<group>";
		};
		73C0FC20275A776300ED0846 /* PlayerModule */ = {
			isa = PBXGroup;
			children = (
				73C0FC23275A778300ED0846 /* View */,
				73C0FC24275A778A00ED0846 /* Interactor */,
				73C0FC25275A779000ED0846 /* Presenter */,
				73C0FC26275A779800ED0846 /* WireFrame */,
			);
			path = PlayerModule;
			sourceTree = "<group>";
		};
		73C0FC23275A778300ED0846 /* View */ = {
			isa = PBXGroup;
			children = (
				73C0FC21275A777F00ED0846 /* PlayerModuleView.swift */,
				73C0FC27275A77B600ED0846 /* PlayerModuleViewProtocol.swift */,
			);
			path = View;
			sourceTree = "<group>";
		};
		73C0FC24275A778A00ED0846 /* Interactor */ = {
			isa = PBXGroup;
			children = (
				73C0FC29275A77C000ED0846 /* PlayerModuleInteractor.swift */,
				73C0FC2B275A77D500ED0846 /* PlayerModuleInteractorInputProtocol.swift */,
				73C0FC2D275A77E600ED0846 /* PlayerModuleInteractorOutputProtocol.swift */,
				73C0FC37275A848B00ED0846 /* PlayerModuleInteractorOutput.swift */,
			);
			path = Interactor;
			sourceTree = "<group>";
		};
		73C0FC25275A779000ED0846 /* Presenter */ = {
			isa = PBXGroup;
			children = (
				73C0FC2F275A77ED00ED0846 /* PlayerModulePresenter.swift */,
				73C0FC31275A77F800ED0846 /* PlayerModulePresenterProtocol.swift */,
			);
			path = Presenter;
			sourceTree = "<group>";
		};
		73C0FC26275A779800ED0846 /* WireFrame */ = {
			isa = PBXGroup;
			children = (
				73C0FC33275A780200ED0846 /* PlayerModuleWireFrame.swift */,
				73C0FC35275A780800ED0846 /* PlayerModuleProtocols.swift */,
			);
			path = WireFrame;
			sourceTree = "<group>";
		};
		73D39055275CD94900D5C668 /* CoreDataService */ = {
			isa = PBXGroup;
			children = (
				73D39056275CD95A00D5C668 /* CoreDataService.swift */,
				73D3905A275CDD5400D5C668 /* GetRecordings.swift */,
			);
			path = CoreDataService;
			sourceTree = "<group>";
		};
		73DD32F0275F85A3001538FF /* UIComponents */ = {
			isa = PBXGroup;
			children = (
				73DD32F1275F85BD001538FF /* RecordingCell.swift */,
			);
			path = UIComponents;
			sourceTree = "<group>";
		};
		73DD32F3275F8C7B001538FF /* RecorderModuleTest */ = {
			isa = PBXGroup;
			children = (
				735B7E222760ED7800B48D7C /* RecorderModuleViewTest.swift */,
				735B7E262760EE7E00B48D7C /* Mock */,
			);
			path = RecorderModuleTest;
			sourceTree = "<group>";
		};
		73E4E256275BA65600A50E62 /* AudioRecorderTests */ = {
			isa = PBXGroup;
			children = (
				735B7E1B2760B5B500B48D7C /* AudioRecorderObjectTest */,
				73DD32F3275F8C7B001538FF /* RecorderModuleTest */,
				734AEC21275F5A050038C013 /* RecordingListModuleTest */,
				73BB0830275E02F600805629 /* GetRecordingsTest */,
			);
			path = AudioRecorderTests;
			sourceTree = "<group>";
		};
		73E4E261275BA9FE00A50E62 /* Mocked */ = {
			isa = PBXGroup;
			children = (
				73E4E262275BAB0A00A50E62 /* MockRecordingListModulePresenter.swift */,
				73DD32EC275F78BA001538FF /* MockedRecordingListModuleView.swift */,
				73E4E266275BC02B00A50E62 /* MockRecordingListModuleWireFrame.swift */,
				734AEC27275F5CE40038C013 /* MockRecording.swift */,
				73DD32EE275F79B5001538FF /* MockedRecordingListModuleInteractor.swift */,
			);
			path = Mocked;
			sourceTree = "<group>";
		};
/* End PBXGroup section */

/* Begin PBXNativeTarget section */
		7394452B275506D400075F30 /* AudioRecorder */ = {
			isa = PBXNativeTarget;
			buildConfigurationList = 73944559275506D700075F30 /* Build configuration list for PBXNativeTarget "AudioRecorder" */;
			buildPhases = (
				73944528275506D400075F30 /* Sources */,
				73944529275506D400075F30 /* Frameworks */,
				7394452A275506D400075F30 /* Resources */,
			);
			buildRules = (
			);
			dependencies = (
			);
			name = AudioRecorder;
			productName = AudioRecorder;
			productReference = 7394452C275506D400075F30 /* AudioRecorder.app */;
			productType = "com.apple.product-type.application";
		};
		73E4E254275BA65600A50E62 /* AudioRecorderTests */ = {
			isa = PBXNativeTarget;
			buildConfigurationList = 73E4E25B275BA65600A50E62 /* Build configuration list for PBXNativeTarget "AudioRecorderTests" */;
			buildPhases = (
				73E4E251275BA65600A50E62 /* Sources */,
				73E4E252275BA65600A50E62 /* Frameworks */,
				73E4E253275BA65600A50E62 /* Resources */,
			);
			buildRules = (
			);
			dependencies = (
				73E4E25A275BA65600A50E62 /* PBXTargetDependency */,
			);
			name = AudioRecorderTests;
			productName = AudioRecorderTests;
			productReference = 73E4E255275BA65600A50E62 /* AudioRecorderTests.xctest */;
			productType = "com.apple.product-type.bundle.unit-test";
		};
/* End PBXNativeTarget section */

/* Begin PBXProject section */
		73944524275506D400075F30 /* Project object */ = {
			isa = PBXProject;
			attributes = {
				BuildIndependentTargetsInParallel = 1;
				LastSwiftUpdateCheck = 1320;
				LastUpgradeCheck = 1320;
				TargetAttributes = {
					7394452B275506D400075F30 = {
						CreatedOnToolsVersion = 13.2;
					};
					73E4E254275BA65600A50E62 = {
						CreatedOnToolsVersion = 13.2;
						LastSwiftMigration = 1320;
						TestTargetID = 7394452B275506D400075F30;
					};
				};
			};
			buildConfigurationList = 73944527275506D400075F30 /* Build configuration list for PBXProject "AudioRecorder" */;
			compatibilityVersion = "Xcode 13.0";
			developmentRegion = en;
			hasScannedForEncodings = 0;
			knownRegions = (
				en,
				Base,
			);
			mainGroup = 73944523275506D400075F30;
			productRefGroup = 7394452D275506D400075F30 /* Products */;
			projectDirPath = "";
			projectRoot = "";
			targets = (
				7394452B275506D400075F30 /* AudioRecorder */,
				73E4E254275BA65600A50E62 /* AudioRecorderTests */,
			);
		};
/* End PBXProject section */

/* Begin PBXResourcesBuildPhase section */
		7394452A275506D400075F30 /* Resources */ = {
			isa = PBXResourcesBuildPhase;
			buildActionMask = 2147483647;
			files = (
				7394453F275506D600075F30 /* LaunchScreen.storyboard in Resources */,
				73BB0837275E103100805629 /* sound.mp3 in Resources */,
				7394453C275506D600075F30 /* Assets.xcassets in Resources */,
			);
			runOnlyForDeploymentPostprocessing = 0;
		};
		73E4E253275BA65600A50E62 /* Resources */ = {
			isa = PBXResourcesBuildPhase;
			buildActionMask = 2147483647;
			files = (
			);
			runOnlyForDeploymentPostprocessing = 0;
		};
/* End PBXResourcesBuildPhase section */

/* Begin PBXSourcesBuildPhase section */
		73944528275506D400075F30 /* Sources */ = {
			isa = PBXSourcesBuildPhase;
			buildActionMask = 2147483647;
			files = (
				73944534275506D400075F30 /* RecordingListModuleView.swift in Sources */,
				73C0FC30275A77ED00ED0846 /* PlayerModulePresenter.swift in Sources */,
				73C0FC1E275A74CA00ED0846 /* AppColors.swift in Sources */,
				73DD32F2275F85BD001538FF /* RecordingCell.swift in Sources */,
				73C0FC2C275A77D500ED0846 /* PlayerModuleInteractorInputProtocol.swift in Sources */,
				73C0FC38275A848B00ED0846 /* PlayerModuleInteractorOutput.swift in Sources */,
				73944530275506D400075F30 /* AppDelegate.swift in Sources */,
				73C0FC32275A77F800ED0846 /* PlayerModulePresenterProtocol.swift in Sources */,
				73C0FC22275A777F00ED0846 /* PlayerModuleView.swift in Sources */,
				738A26BF2757779F00F89B9E /* RecordingListModuleInteractorInputProtocol.swift in Sources */,
				73C0FC19275A64EB00ED0846 /* MainControllerWireFrame.swift in Sources */,
				738A26C5275777BC00F89B9E /* RecordingListWireFrame.swift in Sources */,
				73C0FC1B275A651300ED0846 /* MainControllerWireFrameProtocol.swift in Sources */,
				73D3905B275CDD5400D5C668 /* GetRecordings.swift in Sources */,
				73C0FC36275A780800ED0846 /* PlayerModuleProtocols.swift in Sources */,
				738A26DD275787DA00F89B9E /* RecorderModulePresenterProtocol.swift in Sources */,
				73C0FC28275A77B600ED0846 /* PlayerModuleViewProtocol.swift in Sources */,
				738A26E1275787F700F89B9E /* RecorderModuleWireFrameProtocol.swift in Sources */,
				738A26D9275787C200F89B9E /* RecorderModuleInteractorOutputProtocol.swift in Sources */,
				735B7E1A2760B48900B48D7C /* AudioRecorderObjectProtocol.swift in Sources */,
				73BB083A275E247000805629 /* ErrorHandler.swift in Sources */,
				7394453A275506D400075F30 /* AudioRecorder.xcdatamodeld in Sources */,
				738A26D12757878700F89B9E /* RecorderModuleView.swift in Sources */,
				738A26C1275777A800F89B9E /* RecordingListModulePresenter.swift in Sources */,
				738A26C3275777B500F89B9E /* RecordingListWireFrameProtocol.swift in Sources */,
				738A26E327578A9400F89B9E /* RecordingListInteractorOutput.swift in Sources */,
				738A26BD2757777600F89B9E /* RecordingListModulePresenterProtocol.swift in Sources */,
				738A26E527578B2100F89B9E /* RecorderModuleInteractorOutput.swift in Sources */,
				738A26CA27577D6E00F89B9E /* RecordingListModuleViewProtocol.swift in Sources */,
				73C0FC2E275A77E600ED0846 /* PlayerModuleInteractorOutputProtocol.swift in Sources */,
				738A26D3275787A000F89B9E /* RecorderModuleViewProtocol.swift in Sources */,
				73C0FC34275A780200ED0846 /* PlayerModuleWireFrame.swift in Sources */,
				73D39057275CD95A00D5C668 /* CoreDataService.swift in Sources */,
				738A26BB2757776800F89B9E /* RecordingListModuleInteractorOutputProtocol.swift in Sources */,
				738A26DF275787E700F89B9E /* RecorderModuleWireFrame.swift in Sources */,
				738A26D5275787AA00F89B9E /* RecorderModuleInteractor.swift in Sources */,
				738A26DB275787D100F89B9E /* RecorderModulePresenter.swift in Sources */,
				73C0FC2A275A77C000ED0846 /* PlayerModuleInteractor.swift in Sources */,
				738A26B92757775B00F89B9E /* RecordingListInteractor.swift in Sources */,
				73944532275506D400075F30 /* SceneDelegate.swift in Sources */,
				735B7E182760B46900B48D7C /* AudioRecorderObject.swift in Sources */,
				738A26D7275787B700F89B9E /* RecorderModuleInteractorInputProtocol.swift in Sources */,
			);
			runOnlyForDeploymentPostprocessing = 0;
		};
		73E4E251275BA65600A50E62 /* Sources */ = {
			isa = PBXSourcesBuildPhase;
			buildActionMask = 2147483647;
			files = (
				735B7E252760EE4B00B48D7C /* MockRecorderModulePresenter.swift in Sources */,
				73BB0832275E09E200805629 /* GetRecordingsTest.swift in Sources */,
				73E4E267275BC02B00A50E62 /* MockRecordingListModuleWireFrame.swift in Sources */,
				73BB0834275E0A7500805629 /* MockCoreDataService.swift in Sources */,
				735B7E1D2760B5D300B48D7C /* MockAudioRecorderObjectTest.swift in Sources */,
				73DD32EF275F79B5001538FF /* MockedRecordingListModuleInteractor.swift in Sources */,
				73DD32ED275F78BA001538FF /* MockedRecordingListModuleView.swift in Sources */,
				735B7E232760ED7800B48D7C /* RecorderModuleViewTest.swift in Sources */,
				73E4E265275BBF0200A50E62 /* RecordingListModulePresenterTest.swift in Sources */,
				735B7E1F2760B5E600B48D7C /* AudioRecorderObjectTest.swift in Sources */,
				73E4E263275BAB0A00A50E62 /* MockRecordingListModulePresenter.swift in Sources */,
				73E4E25F275BA9B500A50E62 /* RecordingListModuleViewTest.swift in Sources */,
				734AEC28275F5CE40038C013 /* MockRecording.swift in Sources */,
				735B7E212760D69A00B48D7C /* MockAVSession.swift in Sources */,
			);
			runOnlyForDeploymentPostprocessing = 0;
		};
/* End PBXSourcesBuildPhase section */

/* Begin PBXTargetDependency section */
		73E4E25A275BA65600A50E62 /* PBXTargetDependency */ = {
			isa = PBXTargetDependency;
			target = 7394452B275506D400075F30 /* AudioRecorder */;
			targetProxy = 73E4E259275BA65600A50E62 /* PBXContainerItemProxy */;
		};
/* End PBXTargetDependency section */

/* Begin PBXVariantGroup section */
		7394453D275506D600075F30 /* LaunchScreen.storyboard */ = {
			isa = PBXVariantGroup;
			children = (
				7394453E275506D600075F30 /* Base */,
			);
			name = LaunchScreen.storyboard;
			sourceTree = "<group>";
		};
/* End PBXVariantGroup section */

/* Begin XCBuildConfiguration section */
		73944557275506D700075F30 /* Debug */ = {
			isa = XCBuildConfiguration;
			buildSettings = {
				ALWAYS_SEARCH_USER_PATHS = NO;
				CLANG_ANALYZER_NONNULL = YES;
				CLANG_ANALYZER_NUMBER_OBJECT_CONVERSION = YES_AGGRESSIVE;
				CLANG_CXX_LANGUAGE_STANDARD = "gnu++17";
				CLANG_CXX_LIBRARY = "libc++";
				CLANG_ENABLE_MODULES = YES;
				CLANG_ENABLE_OBJC_ARC = YES;
				CLANG_ENABLE_OBJC_WEAK = YES;
				CLANG_WARN_BLOCK_CAPTURE_AUTORELEASING = YES;
				CLANG_WARN_BOOL_CONVERSION = YES;
				CLANG_WARN_COMMA = YES;
				CLANG_WARN_CONSTANT_CONVERSION = YES;
				CLANG_WARN_DEPRECATED_OBJC_IMPLEMENTATIONS = YES;
				CLANG_WARN_DIRECT_OBJC_ISA_USAGE = YES_ERROR;
				CLANG_WARN_DOCUMENTATION_COMMENTS = YES;
				CLANG_WARN_EMPTY_BODY = YES;
				CLANG_WARN_ENUM_CONVERSION = YES;
				CLANG_WARN_INFINITE_RECURSION = YES;
				CLANG_WARN_INT_CONVERSION = YES;
				CLANG_WARN_NON_LITERAL_NULL_CONVERSION = YES;
				CLANG_WARN_OBJC_IMPLICIT_RETAIN_SELF = YES;
				CLANG_WARN_OBJC_LITERAL_CONVERSION = YES;
				CLANG_WARN_OBJC_ROOT_CLASS = YES_ERROR;
				CLANG_WARN_QUOTED_INCLUDE_IN_FRAMEWORK_HEADER = YES;
				CLANG_WARN_RANGE_LOOP_ANALYSIS = YES;
				CLANG_WARN_STRICT_PROTOTYPES = YES;
				CLANG_WARN_SUSPICIOUS_MOVE = YES;
				CLANG_WARN_UNGUARDED_AVAILABILITY = YES_AGGRESSIVE;
				CLANG_WARN_UNREACHABLE_CODE = YES;
				CLANG_WARN__DUPLICATE_METHOD_MATCH = YES;
				COPY_PHASE_STRIP = NO;
				DEBUG_INFORMATION_FORMAT = dwarf;
				ENABLE_STRICT_OBJC_MSGSEND = YES;
				ENABLE_TESTABILITY = YES;
				GCC_C_LANGUAGE_STANDARD = gnu11;
				GCC_DYNAMIC_NO_PIC = NO;
				GCC_NO_COMMON_BLOCKS = YES;
				GCC_OPTIMIZATION_LEVEL = 0;
				GCC_PREPROCESSOR_DEFINITIONS = (
					"DEBUG=1",
					"$(inherited)",
				);
				GCC_WARN_64_TO_32_BIT_CONVERSION = YES;
				GCC_WARN_ABOUT_RETURN_TYPE = YES_ERROR;
				GCC_WARN_UNDECLARED_SELECTOR = YES;
				GCC_WARN_UNINITIALIZED_AUTOS = YES_AGGRESSIVE;
				GCC_WARN_UNUSED_FUNCTION = YES;
				GCC_WARN_UNUSED_VARIABLE = YES;
				IPHONEOS_DEPLOYMENT_TARGET = 15.0;
				MTL_ENABLE_DEBUG_INFO = INCLUDE_SOURCE;
				MTL_FAST_MATH = YES;
				ONLY_ACTIVE_ARCH = YES;
				SDKROOT = iphoneos;
				SWIFT_ACTIVE_COMPILATION_CONDITIONS = DEBUG;
				SWIFT_OPTIMIZATION_LEVEL = "-Onone";
			};
			name = Debug;
		};
		73944558275506D700075F30 /* Release */ = {
			isa = XCBuildConfiguration;
			buildSettings = {
				ALWAYS_SEARCH_USER_PATHS = NO;
				CLANG_ANALYZER_NONNULL = YES;
				CLANG_ANALYZER_NUMBER_OBJECT_CONVERSION = YES_AGGRESSIVE;
				CLANG_CXX_LANGUAGE_STANDARD = "gnu++17";
				CLANG_CXX_LIBRARY = "libc++";
				CLANG_ENABLE_MODULES = YES;
				CLANG_ENABLE_OBJC_ARC = YES;
				CLANG_ENABLE_OBJC_WEAK = YES;
				CLANG_WARN_BLOCK_CAPTURE_AUTORELEASING = YES;
				CLANG_WARN_BOOL_CONVERSION = YES;
				CLANG_WARN_COMMA = YES;
				CLANG_WARN_CONSTANT_CONVERSION = YES;
				CLANG_WARN_DEPRECATED_OBJC_IMPLEMENTATIONS = YES;
				CLANG_WARN_DIRECT_OBJC_ISA_USAGE = YES_ERROR;
				CLANG_WARN_DOCUMENTATION_COMMENTS = YES;
				CLANG_WARN_EMPTY_BODY = YES;
				CLANG_WARN_ENUM_CONVERSION = YES;
				CLANG_WARN_INFINITE_RECURSION = YES;
				CLANG_WARN_INT_CONVERSION = YES;
				CLANG_WARN_NON_LITERAL_NULL_CONVERSION = YES;
				CLANG_WARN_OBJC_IMPLICIT_RETAIN_SELF = YES;
				CLANG_WARN_OBJC_LITERAL_CONVERSION = YES;
				CLANG_WARN_OBJC_ROOT_CLASS = YES_ERROR;
				CLANG_WARN_QUOTED_INCLUDE_IN_FRAMEWORK_HEADER = YES;
				CLANG_WARN_RANGE_LOOP_ANALYSIS = YES;
				CLANG_WARN_STRICT_PROTOTYPES = YES;
				CLANG_WARN_SUSPICIOUS_MOVE = YES;
				CLANG_WARN_UNGUARDED_AVAILABILITY = YES_AGGRESSIVE;
				CLANG_WARN_UNREACHABLE_CODE = YES;
				CLANG_WARN__DUPLICATE_METHOD_MATCH = YES;
				COPY_PHASE_STRIP = NO;
				DEBUG_INFORMATION_FORMAT = "dwarf-with-dsym";
				ENABLE_NS_ASSERTIONS = NO;
				ENABLE_STRICT_OBJC_MSGSEND = YES;
				GCC_C_LANGUAGE_STANDARD = gnu11;
				GCC_NO_COMMON_BLOCKS = YES;
				GCC_WARN_64_TO_32_BIT_CONVERSION = YES;
				GCC_WARN_ABOUT_RETURN_TYPE = YES_ERROR;
				GCC_WARN_UNDECLARED_SELECTOR = YES;
				GCC_WARN_UNINITIALIZED_AUTOS = YES_AGGRESSIVE;
				GCC_WARN_UNUSED_FUNCTION = YES;
				GCC_WARN_UNUSED_VARIABLE = YES;
				IPHONEOS_DEPLOYMENT_TARGET = 15.0;
				MTL_ENABLE_DEBUG_INFO = NO;
				MTL_FAST_MATH = YES;
				SDKROOT = iphoneos;
				SWIFT_COMPILATION_MODE = wholemodule;
				SWIFT_OPTIMIZATION_LEVEL = "-O";
				VALIDATE_PRODUCT = YES;
			};
			name = Release;
		};
		7394455A275506D700075F30 /* Debug */ = {
			isa = XCBuildConfiguration;
			buildSettings = {
				ASSETCATALOG_COMPILER_APPICON_NAME = AppIcon;
				ASSETCATALOG_COMPILER_GLOBAL_ACCENT_COLOR_NAME = AccentColor;
				CODE_SIGN_STYLE = Automatic;
				CURRENT_PROJECT_VERSION = 1;
				DEVELOPMENT_TEAM = UU5J2SPKHT;
				GENERATE_INFOPLIST_FILE = YES;
				INFOPLIST_FILE = AudioRecorder/Info.plist;
				INFOPLIST_KEY_NSMicrophoneUsageDescription = "This Application Needs To Access You Microphone";
				INFOPLIST_KEY_UIApplicationSupportsIndirectInputEvents = YES;
				INFOPLIST_KEY_UILaunchStoryboardName = LaunchScreen;
				INFOPLIST_KEY_UISupportedInterfaceOrientations_iPad = "UIInterfaceOrientationPortrait UIInterfaceOrientationPortraitUpsideDown UIInterfaceOrientationLandscapeLeft UIInterfaceOrientationLandscapeRight";
				INFOPLIST_KEY_UISupportedInterfaceOrientations_iPhone = "UIInterfaceOrientationPortrait UIInterfaceOrientationLandscapeLeft UIInterfaceOrientationLandscapeRight";
				IPHONEOS_DEPLOYMENT_TARGET = 15.0;
				LD_RUNPATH_SEARCH_PATHS = (
					"$(inherited)",
					"@executable_path/Frameworks",
				);
				MARKETING_VERSION = 1.0;
				PRODUCT_BUNDLE_IDENTIFIER = com.risinggalaxy.com.AudioRecorderNew;
				PRODUCT_NAME = "$(TARGET_NAME)";
				SWIFT_EMIT_LOC_STRINGS = YES;
				SWIFT_VERSION = 5.0;
				TARGETED_DEVICE_FAMILY = "1,2";
			};
			name = Debug;
		};
		7394455B275506D700075F30 /* Release */ = {
			isa = XCBuildConfiguration;
			buildSettings = {
				ASSETCATALOG_COMPILER_APPICON_NAME = AppIcon;
				ASSETCATALOG_COMPILER_GLOBAL_ACCENT_COLOR_NAME = AccentColor;
				CODE_SIGN_STYLE = Automatic;
				CURRENT_PROJECT_VERSION = 1;
				DEVELOPMENT_TEAM = UU5J2SPKHT;
				GENERATE_INFOPLIST_FILE = YES;
				INFOPLIST_FILE = AudioRecorder/Info.plist;
				INFOPLIST_KEY_NSMicrophoneUsageDescription = "This Application Needs To Access You Microphone";
				INFOPLIST_KEY_UIApplicationSupportsIndirectInputEvents = YES;
				INFOPLIST_KEY_UILaunchStoryboardName = LaunchScreen;
				INFOPLIST_KEY_UISupportedInterfaceOrientations_iPad = "UIInterfaceOrientationPortrait UIInterfaceOrientationPortraitUpsideDown UIInterfaceOrientationLandscapeLeft UIInterfaceOrientationLandscapeRight";
				INFOPLIST_KEY_UISupportedInterfaceOrientations_iPhone = "UIInterfaceOrientationPortrait UIInterfaceOrientationLandscapeLeft UIInterfaceOrientationLandscapeRight";
				IPHONEOS_DEPLOYMENT_TARGET = 15.0;
				LD_RUNPATH_SEARCH_PATHS = (
					"$(inherited)",
					"@executable_path/Frameworks",
				);
				MARKETING_VERSION = 1.0;
				PRODUCT_BUNDLE_IDENTIFIER = com.risinggalaxy.com.AudioRecorderNew;
				PRODUCT_NAME = "$(TARGET_NAME)";
				SWIFT_EMIT_LOC_STRINGS = YES;
				SWIFT_VERSION = 5.0;
				TARGETED_DEVICE_FAMILY = "1,2";
			};
			name = Release;
		};
		73E4E25C275BA65600A50E62 /* Debug */ = {
			isa = XCBuildConfiguration;
			buildSettings = {
				BUNDLE_LOADER = "$(TEST_HOST)";
				CLANG_ENABLE_MODULES = YES;
				CODE_SIGN_STYLE = Automatic;
				CURRENT_PROJECT_VERSION = 1;
				DEVELOPMENT_TEAM = UU5J2SPKHT;
				GENERATE_INFOPLIST_FILE = YES;
				IPHONEOS_DEPLOYMENT_TARGET = 15.0;
				LD_RUNPATH_SEARCH_PATHS = (
					"$(inherited)",
					"@executable_path/Frameworks",
					"@loader_path/Frameworks",
				);
				MARKETING_VERSION = 1.0;
				PRODUCT_BUNDLE_IDENTIFIER = com.risinggalaxy.com.AudioRecorderTests;
				PRODUCT_NAME = "$(TARGET_NAME)";
				SWIFT_EMIT_LOC_STRINGS = NO;
				SWIFT_OPTIMIZATION_LEVEL = "-Onone";
				SWIFT_VERSION = 5.0;
				TARGETED_DEVICE_FAMILY = "1,2";
				TEST_HOST = "$(BUILT_PRODUCTS_DIR)/AudioRecorder.app/AudioRecorder";
			};
			name = Debug;
		};
		73E4E25D275BA65600A50E62 /* Release */ = {
			isa = XCBuildConfiguration;
			buildSettings = {
				BUNDLE_LOADER = "$(TEST_HOST)";
				CLANG_ENABLE_MODULES = YES;
				CODE_SIGN_STYLE = Automatic;
				CURRENT_PROJECT_VERSION = 1;
				DEVELOPMENT_TEAM = UU5J2SPKHT;
				GENERATE_INFOPLIST_FILE = YES;
				IPHONEOS_DEPLOYMENT_TARGET = 15.0;
				LD_RUNPATH_SEARCH_PATHS = (
					"$(inherited)",
					"@executable_path/Frameworks",
					"@loader_path/Frameworks",
				);
				MARKETING_VERSION = 1.0;
				PRODUCT_BUNDLE_IDENTIFIER = com.risinggalaxy.com.AudioRecorderTests;
				PRODUCT_NAME = "$(TARGET_NAME)";
				SWIFT_EMIT_LOC_STRINGS = NO;
				SWIFT_VERSION = 5.0;
				TARGETED_DEVICE_FAMILY = "1,2";
				TEST_HOST = "$(BUILT_PRODUCTS_DIR)/AudioRecorder.app/AudioRecorder";
			};
			name = Release;
		};
/* End XCBuildConfiguration section */

/* Begin XCConfigurationList section */
		73944527275506D400075F30 /* Build configuration list for PBXProject "AudioRecorder" */ = {
			isa = XCConfigurationList;
			buildConfigurations = (
				73944557275506D700075F30 /* Debug */,
				73944558275506D700075F30 /* Release */,
			);
			defaultConfigurationIsVisible = 0;
			defaultConfigurationName = Release;
		};
		73944559275506D700075F30 /* Build configuration list for PBXNativeTarget "AudioRecorder" */ = {
			isa = XCConfigurationList;
			buildConfigurations = (
				7394455A275506D700075F30 /* Debug */,
				7394455B275506D700075F30 /* Release */,
			);
			defaultConfigurationIsVisible = 0;
			defaultConfigurationName = Release;
		};
		73E4E25B275BA65600A50E62 /* Build configuration list for PBXNativeTarget "AudioRecorderTests" */ = {
			isa = XCConfigurationList;
			buildConfigurations = (
				73E4E25C275BA65600A50E62 /* Debug */,
				73E4E25D275BA65600A50E62 /* Release */,
			);
			defaultConfigurationIsVisible = 0;
			defaultConfigurationName = Release;
		};
/* End XCConfigurationList section */

/* Begin XCVersionGroup section */
		73944538275506D400075F30 /* AudioRecorder.xcdatamodeld */ = {
			isa = XCVersionGroup;
			children = (
				73944539275506D400075F30 /* AudioRecorder.xcdatamodel */,
			);
			currentVersion = 73944539275506D400075F30 /* AudioRecorder.xcdatamodel */;
			path = AudioRecorder.xcdatamodeld;
			sourceTree = "<group>";
			versionGroupType = wrapper.xcdatamodel;
		};
/* End XCVersionGroup section */
	};
	rootObject = 73944524275506D400075F30 /* Project object */;
}
