// !$*UTF8*$!
{
	archiveVersion = 1;
	classes = {
	};
	objectVersion = 55;
	objects = {

/* Begin PBXBuildFile section */
		738A26B92757775B00F89B9E /* RecordingListInteractor.swift in Sources */ = {isa = PBXBuildFile; fileRef = 738A26B82757775B00F89B9E /* RecordingListInteractor.swift */; };
		738A26BB2757776800F89B9E /* RecordingListInteractorOutputProtocol.swift in Sources */ = {isa = PBXBuildFile; fileRef = 738A26BA2757776800F89B9E /* RecordingListInteractorOutputProtocol.swift */; };
		738A26BD2757777600F89B9E /* RecordingListModulePresenterProtocol.swift in Sources */ = {isa = PBXBuildFile; fileRef = 738A26BC2757777600F89B9E /* RecordingListModulePresenterProtocol.swift */; };
		738A26BF2757779F00F89B9E /* RecordingListModuleInteractorInputProtocol.swift in Sources */ = {isa = PBXBuildFile; fileRef = 738A26BE2757779F00F89B9E /* RecordingListModuleInteractorInputProtocol.swift */; };
		738A26C1275777A800F89B9E /* MainPresenter.swift in Sources */ = {isa = PBXBuildFile; fileRef = 738A26C0275777A800F89B9E /* MainPresenter.swift */; };
		738A26C3275777B500F89B9E /* RecordingListWireFrameProtocol.swift in Sources */ = {isa = PBXBuildFile; fileRef = 738A26C2275777B500F89B9E /* RecordingListWireFrameProtocol.swift */; };
		738A26C5275777BC00F89B9E /* RecordingListWireFrame.swift in Sources */ = {isa = PBXBuildFile; fileRef = 738A26C4275777BC00F89B9E /* RecordingListWireFrame.swift */; };
		738A26CA27577D6E00F89B9E /* RecordingListModuleViewProtocol.swift in Sources */ = {isa = PBXBuildFile; fileRef = 738A26C927577D6E00F89B9E /* RecordingListModuleViewProtocol.swift */; };
		738A26D12757878700F89B9E /* RecorderModuleView.swift in Sources */ = {isa = PBXBuildFile; fileRef = 738A26D02757878700F89B9E /* RecorderModuleView.swift */; };
		738A26D3275787A000F89B9E /* RecorderModuleViewProtocol.swift in Sources */ = {isa = PBXBuildFile; fileRef = 738A26D2275787A000F89B9E /* RecorderModuleViewProtocol.swift */; };
		738A26D5275787AA00F89B9E /* RecorderModuleInteractor.swift in Sources */ = {isa = PBXBuildFile; fileRef = 738A26D4275787AA00F89B9E /* RecorderModuleInteractor.swift */; };
		738A26D7275787B700F89B9E /* RecorderModuleInteractorInputProtocol.swift in Sources */ = {isa = PBXBuildFile; fileRef = 738A26D6275787B700F89B9E /* RecorderModuleInteractorInputProtocol.swift */; };
		738A26D9275787C200F89B9E /* RecorderModuleInteractorOutputProtocol.swift in Sources */ = {isa = PBXBuildFile; fileRef = 738A26D8275787C200F89B9E /* RecorderModuleInteractorOutputProtocol.swift */; };
		738A26DB275787D100F89B9E /* RecorderModulePresenter.swift in Sources */ = {isa = PBXBuildFile; fileRef = 738A26DA275787D100F89B9E /* RecorderModulePresenter.swift */; };
		738A26DD275787DA00F89B9E /* RecorderModulePresenterProtocol.swift in Sources */ = {isa = PBXBuildFile; fileRef = 738A26DC275787DA00F89B9E /* RecorderModulePresenterProtocol.swift */; };
		738A26DF275787E700F89B9E /* RecorderModuleWireFrame.swift in Sources */ = {isa = PBXBuildFile; fileRef = 738A26DE275787E700F89B9E /* RecorderModuleWireFrame.swift */; };
		738A26E1275787F700F89B9E /* RecorderModuleWireFrameProtocol.swift in Sources */ = {isa = PBXBuildFile; fileRef = 738A26E0275787F700F89B9E /* RecorderModuleWireFrameProtocol.swift */; };
		738A26E327578A9400F89B9E /* RecordingListInteractorOutput.swift in Sources */ = {isa = PBXBuildFile; fileRef = 738A26E227578A9400F89B9E /* RecordingListInteractorOutput.swift */; };
		738A26E527578B2100F89B9E /* RecorderModuleInteractorOutput.swift in Sources */ = {isa = PBXBuildFile; fileRef = 738A26E427578B2100F89B9E /* RecorderModuleInteractorOutput.swift */; };
		73944530275506D400075F30 /* AppDelegate.swift in Sources */ = {isa = PBXBuildFile; fileRef = 7394452F275506D400075F30 /* AppDelegate.swift */; };
		73944532275506D400075F30 /* SceneDelegate.swift in Sources */ = {isa = PBXBuildFile; fileRef = 73944531275506D400075F30 /* SceneDelegate.swift */; };
		73944534275506D400075F30 /* RecordingListModule.swift in Sources */ = {isa = PBXBuildFile; fileRef = 73944533275506D400075F30 /* RecordingListModule.swift */; };
		7394453A275506D400075F30 /* AudioRecorder.xcdatamodeld in Sources */ = {isa = PBXBuildFile; fileRef = 73944538275506D400075F30 /* AudioRecorder.xcdatamodeld */; };
		7394453C275506D600075F30 /* Assets.xcassets in Resources */ = {isa = PBXBuildFile; fileRef = 7394453B275506D600075F30 /* Assets.xcassets */; };
		7394453F275506D600075F30 /* LaunchScreen.storyboard in Resources */ = {isa = PBXBuildFile; fileRef = 7394453D275506D600075F30 /* LaunchScreen.storyboard */; };
		73C0FC19275A64EB00ED0846 /* MainControllerWireFrame.swift in Sources */ = {isa = PBXBuildFile; fileRef = 73C0FC18275A64EB00ED0846 /* MainControllerWireFrame.swift */; };
		73C0FC1B275A651300ED0846 /* MainControllerWireFrameProtocol.swift in Sources */ = {isa = PBXBuildFile; fileRef = 73C0FC1A275A651300ED0846 /* MainControllerWireFrameProtocol.swift */; };
/* End PBXBuildFile section */

/* Begin PBXContainerItemProxy section */
		73944546275506D700075F30 /* PBXContainerItemProxy */ = {
			isa = PBXContainerItemProxy;
			containerPortal = 73944524275506D400075F30 /* Project object */;
			proxyType = 1;
			remoteGlobalIDString = 7394452B275506D400075F30;
			remoteInfo = AudioRecorder;
		};
		73944550275506D700075F30 /* PBXContainerItemProxy */ = {
			isa = PBXContainerItemProxy;
			containerPortal = 73944524275506D400075F30 /* Project object */;
			proxyType = 1;
			remoteGlobalIDString = 7394452B275506D400075F30;
			remoteInfo = AudioRecorder;
		};
/* End PBXContainerItemProxy section */

/* Begin PBXFileReference section */
		738A26B82757775B00F89B9E /* RecordingListInteractor.swift */ = {isa = PBXFileReference; lastKnownFileType = sourcecode.swift; path = RecordingListInteractor.swift; sourceTree = "<group>"; };
		738A26BA2757776800F89B9E /* RecordingListInteractorOutputProtocol.swift */ = {isa = PBXFileReference; lastKnownFileType = sourcecode.swift; path = RecordingListInteractorOutputProtocol.swift; sourceTree = "<group>"; };
		738A26BC2757777600F89B9E /* RecordingListModulePresenterProtocol.swift */ = {isa = PBXFileReference; lastKnownFileType = sourcecode.swift; path = RecordingListModulePresenterProtocol.swift; sourceTree = "<group>"; };
		738A26BE2757779F00F89B9E /* RecordingListModuleInteractorInputProtocol.swift */ = {isa = PBXFileReference; lastKnownFileType = sourcecode.swift; path = RecordingListModuleInteractorInputProtocol.swift; sourceTree = "<group>"; };
		738A26C0275777A800F89B9E /* MainPresenter.swift */ = {isa = PBXFileReference; lastKnownFileType = sourcecode.swift; path = MainPresenter.swift; sourceTree = "<group>"; };
		738A26C2275777B500F89B9E /* RecordingListWireFrameProtocol.swift */ = {isa = PBXFileReference; lastKnownFileType = sourcecode.swift; path = RecordingListWireFrameProtocol.swift; sourceTree = "<group>"; };
		738A26C4275777BC00F89B9E /* RecordingListWireFrame.swift */ = {isa = PBXFileReference; lastKnownFileType = sourcecode.swift; path = RecordingListWireFrame.swift; sourceTree = "<group>"; };
		738A26C927577D6E00F89B9E /* RecordingListModuleViewProtocol.swift */ = {isa = PBXFileReference; lastKnownFileType = sourcecode.swift; path = RecordingListModuleViewProtocol.swift; sourceTree = "<group>"; };
		738A26D02757878700F89B9E /* RecorderModuleView.swift */ = {isa = PBXFileReference; lastKnownFileType = sourcecode.swift; path = RecorderModuleView.swift; sourceTree = "<group>"; };
		738A26D2275787A000F89B9E /* RecorderModuleViewProtocol.swift */ = {isa = PBXFileReference; lastKnownFileType = sourcecode.swift; path = RecorderModuleViewProtocol.swift; sourceTree = "<group>"; };
		738A26D4275787AA00F89B9E /* RecorderModuleInteractor.swift */ = {isa = PBXFileReference; lastKnownFileType = sourcecode.swift; path = RecorderModuleInteractor.swift; sourceTree = "<group>"; };
		738A26D6275787B700F89B9E /* RecorderModuleInteractorInputProtocol.swift */ = {isa = PBXFileReference; lastKnownFileType = sourcecode.swift; path = RecorderModuleInteractorInputProtocol.swift; sourceTree = "<group>"; };
		738A26D8275787C200F89B9E /* RecorderModuleInteractorOutputProtocol.swift */ = {isa = PBXFileReference; lastKnownFileType = sourcecode.swift; path = RecorderModuleInteractorOutputProtocol.swift; sourceTree = "<group>"; };
		738A26DA275787D100F89B9E /* RecorderModulePresenter.swift */ = {isa = PBXFileReference; lastKnownFileType = sourcecode.swift; path = RecorderModulePresenter.swift; sourceTree = "<group>"; };
		738A26DC275787DA00F89B9E /* RecorderModulePresenterProtocol.swift */ = {isa = PBXFileReference; lastKnownFileType = sourcecode.swift; path = RecorderModulePresenterProtocol.swift; sourceTree = "<group>"; };
		738A26DE275787E700F89B9E /* RecorderModuleWireFrame.swift */ = {isa = PBXFileReference; lastKnownFileType = sourcecode.swift; path = RecorderModuleWireFrame.swift; sourceTree = "<group>"; };
		738A26E0275787F700F89B9E /* RecorderModuleWireFrameProtocol.swift */ = {isa = PBXFileReference; lastKnownFileType = sourcecode.swift; path = RecorderModuleWireFrameProtocol.swift; sourceTree = "<group>"; };
		738A26E227578A9400F89B9E /* RecordingListInteractorOutput.swift */ = {isa = PBXFileReference; lastKnownFileType = sourcecode.swift; path = RecordingListInteractorOutput.swift; sourceTree = "<group>"; };
		738A26E427578B2100F89B9E /* RecorderModuleInteractorOutput.swift */ = {isa = PBXFileReference; lastKnownFileType = sourcecode.swift; path = RecorderModuleInteractorOutput.swift; sourceTree = "<group>"; };
		7394452C275506D400075F30 /* AudioRecorder.app */ = {isa = PBXFileReference; explicitFileType = wrapper.application; includeInIndex = 0; path = AudioRecorder.app; sourceTree = BUILT_PRODUCTS_DIR; };
		7394452F275506D400075F30 /* AppDelegate.swift */ = {isa = PBXFileReference; lastKnownFileType = sourcecode.swift; path = AppDelegate.swift; sourceTree = "<group>"; };
		73944531275506D400075F30 /* SceneDelegate.swift */ = {isa = PBXFileReference; lastKnownFileType = sourcecode.swift; path = SceneDelegate.swift; sourceTree = "<group>"; };
		73944533275506D400075F30 /* RecordingListModule.swift */ = {isa = PBXFileReference; lastKnownFileType = sourcecode.swift; path = RecordingListModule.swift; sourceTree = "<group>"; };
		73944539275506D400075F30 /* AudioRecorder.xcdatamodel */ = {isa = PBXFileReference; lastKnownFileType = wrapper.xcdatamodel; path = AudioRecorder.xcdatamodel; sourceTree = "<group>"; };
		7394453B275506D600075F30 /* Assets.xcassets */ = {isa = PBXFileReference; lastKnownFileType = folder.assetcatalog; path = Assets.xcassets; sourceTree = "<group>"; };
		7394453E275506D600075F30 /* Base */ = {isa = PBXFileReference; lastKnownFileType = file.storyboard; name = Base; path = Base.lproj/LaunchScreen.storyboard; sourceTree = "<group>"; };
		73944540275506D600075F30 /* Info.plist */ = {isa = PBXFileReference; lastKnownFileType = text.plist.xml; path = Info.plist; sourceTree = "<group>"; };
		73944545275506D700075F30 /* AudioRecorderTests.xctest */ = {isa = PBXFileReference; explicitFileType = wrapper.cfbundle; includeInIndex = 0; path = AudioRecorderTests.xctest; sourceTree = BUILT_PRODUCTS_DIR; };
		7394454F275506D700075F30 /* AudioRecorderUITests.xctest */ = {isa = PBXFileReference; explicitFileType = wrapper.cfbundle; includeInIndex = 0; path = AudioRecorderUITests.xctest; sourceTree = BUILT_PRODUCTS_DIR; };
		73C0FC18275A64EB00ED0846 /* MainControllerWireFrame.swift */ = {isa = PBXFileReference; fileEncoding = 4; lastKnownFileType = sourcecode.swift; path = MainControllerWireFrame.swift; sourceTree = "<group>"; };
		73C0FC1A275A651300ED0846 /* MainControllerWireFrameProtocol.swift */ = {isa = PBXFileReference; fileEncoding = 4; lastKnownFileType = sourcecode.swift; path = MainControllerWireFrameProtocol.swift; sourceTree = "<group>"; };
/* End PBXFileReference section */

/* Begin PBXFrameworksBuildPhase section */
		73944529275506D400075F30 /* Frameworks */ = {
			isa = PBXFrameworksBuildPhase;
			buildActionMask = 2147483647;
			files = (
			);
			runOnlyForDeploymentPostprocessing = 0;
		};
		73944542275506D700075F30 /* Frameworks */ = {
			isa = PBXFrameworksBuildPhase;
			buildActionMask = 2147483647;
			files = (
			);
			runOnlyForDeploymentPostprocessing = 0;
		};
		7394454C275506D700075F30 /* Frameworks */ = {
			isa = PBXFrameworksBuildPhase;
			buildActionMask = 2147483647;
			files = (
			);
			runOnlyForDeploymentPostprocessing = 0;
		};
/* End PBXFrameworksBuildPhase section */

/* Begin PBXGroup section */
		738A26CB2757873D00F89B9E /* RecorderModule */ = {
			isa = PBXGroup;
			children = (
				738A26CC2757874A00F89B9E /* View */,
				738A26CD2757875000F89B9E /* Interactor */,
				738A26CE2757875700F89B9E /* Presenter */,
				738A26CF2757875E00F89B9E /* WireFrame */,
			);
			path = RecorderModule;
			sourceTree = "<group>";
		};
		738A26CC2757874A00F89B9E /* View */ = {
			isa = PBXGroup;
			children = (
				738A26D02757878700F89B9E /* RecorderModuleView.swift */,
				738A26D2275787A000F89B9E /* RecorderModuleViewProtocol.swift */,
			);
			path = View;
			sourceTree = "<group>";
		};
		738A26CD2757875000F89B9E /* Interactor */ = {
			isa = PBXGroup;
			children = (
				738A26D4275787AA00F89B9E /* RecorderModuleInteractor.swift */,
				738A26D6275787B700F89B9E /* RecorderModuleInteractorInputProtocol.swift */,
				738A26D8275787C200F89B9E /* RecorderModuleInteractorOutputProtocol.swift */,
				738A26E427578B2100F89B9E /* RecorderModuleInteractorOutput.swift */,
			);
			path = Interactor;
			sourceTree = "<group>";
		};
		738A26CE2757875700F89B9E /* Presenter */ = {
			isa = PBXGroup;
			children = (
				738A26DA275787D100F89B9E /* RecorderModulePresenter.swift */,
				738A26DC275787DA00F89B9E /* RecorderModulePresenterProtocol.swift */,
			);
			path = Presenter;
			sourceTree = "<group>";
		};
		738A26CF2757875E00F89B9E /* WireFrame */ = {
			isa = PBXGroup;
			children = (
				738A26DE275787E700F89B9E /* RecorderModuleWireFrame.swift */,
				738A26E0275787F700F89B9E /* RecorderModuleWireFrameProtocol.swift */,
			);
			path = WireFrame;
			sourceTree = "<group>";
		};
		73944523275506D400075F30 = {
			isa = PBXGroup;
			children = (
				7394452E275506D400075F30 /* AudioRecorder */,
				73944548275506D700075F30 /* AudioRecorderTests */,
				73944552275506D700075F30 /* AudioRecorderUITests */,
				7394452D275506D400075F30 /* Products */,
			);
			sourceTree = "<group>";
		};
		7394452D275506D400075F30 /* Products */ = {
			isa = PBXGroup;
			children = (
				7394452C275506D400075F30 /* AudioRecorder.app */,
				73944545275506D700075F30 /* AudioRecorderTests.xctest */,
				7394454F275506D700075F30 /* AudioRecorderUITests.xctest */,
			);
			name = Products;
			sourceTree = "<group>";
		};
		7394452E275506D400075F30 /* AudioRecorder */ = {
			isa = PBXGroup;
			children = (
				739445662755075F00075F30 /* RecordingListModule */,
				738A26CB2757873D00F89B9E /* RecorderModule */,
				739445632755073E00075F30 /* Application */,
				739445642755074B00075F30 /* Model */,
				73944540275506D600075F30 /* Info.plist */,
				73944538275506D400075F30 /* AudioRecorder.xcdatamodeld */,
			);
			path = AudioRecorder;
			sourceTree = "<group>";
		};
		73944548275506D700075F30 /* AudioRecorderTests */ = {
			isa = PBXGroup;
			children = (
				739445692755170200075F30 /* MainModule */,
			);
			path = AudioRecorderTests;
			sourceTree = "<group>";
		};
		73944552275506D700075F30 /* AudioRecorderUITests */ = {
			isa = PBXGroup;
			children = (
			);
			path = AudioRecorderUITests;
			sourceTree = "<group>";
		};
		739445622755073600075F30 /* View */ = {
			isa = PBXGroup;
			children = (
				73944533275506D400075F30 /* RecordingListModule.swift */,
				738A26C927577D6E00F89B9E /* RecordingListModuleViewProtocol.swift */,
			);
			path = View;
			sourceTree = "<group>";
		};
		739445632755073E00075F30 /* Application */ = {
			isa = PBXGroup;
			children = (
				7394452F275506D400075F30 /* AppDelegate.swift */,
				73944531275506D400075F30 /* SceneDelegate.swift */,
				7394453B275506D600075F30 /* Assets.xcassets */,
				7394453D275506D600075F30 /* LaunchScreen.storyboard */,
			);
			path = Application;
			sourceTree = "<group>";
		};
		739445642755074B00075F30 /* Model */ = {
			isa = PBXGroup;
			children = (
			);
			path = Model;
			sourceTree = "<group>";
		};
		739445652755075400075F30 /* Presenter */ = {
			isa = PBXGroup;
			children = (
				738A26BC2757777600F89B9E /* RecordingListModulePresenterProtocol.swift */,
				738A26C0275777A800F89B9E /* MainPresenter.swift */,
			);
			path = Presenter;
			sourceTree = "<group>";
		};
		739445662755075F00075F30 /* RecordingListModule */ = {
			isa = PBXGroup;
			children = (
				73C0FC15275A64CC00ED0846 /* NavigationBuilder */,
				739445622755073600075F30 /* View */,
				739445672755077800075F30 /* Interactor */,
				739445652755075400075F30 /* Presenter */,
				739445682755078300075F30 /* WireFrame */,
			);
			path = RecordingListModule;
			sourceTree = "<group>";
		};
		739445672755077800075F30 /* Interactor */ = {
			isa = PBXGroup;
			children = (
				738A26B82757775B00F89B9E /* RecordingListInteractor.swift */,
				738A26E227578A9400F89B9E /* RecordingListInteractorOutput.swift */,
				738A26BA2757776800F89B9E /* RecordingListInteractorOutputProtocol.swift */,
				738A26BE2757779F00F89B9E /* RecordingListModuleInteractorInputProtocol.swift */,
			);
			path = Interactor;
			sourceTree = "<group>";
		};
		739445682755078300075F30 /* WireFrame */ = {
			isa = PBXGroup;
			children = (
				738A26C2275777B500F89B9E /* RecordingListWireFrameProtocol.swift */,
				738A26C4275777BC00F89B9E /* RecordingListWireFrame.swift */,
			);
			path = WireFrame;
			sourceTree = "<group>";
		};
		739445692755170200075F30 /* MainModule */ = {
			isa = PBXGroup;
			children = (
			);
			path = MainModule;
			sourceTree = "<group>";
		};
		73C0FC15275A64CC00ED0846 /* NavigationBuilder */ = {
			isa = PBXGroup;
			children = (
				73C0FC1A275A651300ED0846 /* MainControllerWireFrameProtocol.swift */,
				73C0FC18275A64EB00ED0846 /* MainControllerWireFrame.swift */,
			);
			path = NavigationBuilder;
			sourceTree = "<group>";
		};
/* End PBXGroup section */

/* Begin PBXNativeTarget section */
		7394452B275506D400075F30 /* AudioRecorder */ = {
			isa = PBXNativeTarget;
			buildConfigurationList = 73944559275506D700075F30 /* Build configuration list for PBXNativeTarget "AudioRecorder" */;
			buildPhases = (
				73944528275506D400075F30 /* Sources */,
				73944529275506D400075F30 /* Frameworks */,
				7394452A275506D400075F30 /* Resources */,
			);
			buildRules = (
			);
			dependencies = (
			);
			name = AudioRecorder;
			productName = AudioRecorder;
			productReference = 7394452C275506D400075F30 /* AudioRecorder.app */;
			productType = "com.apple.product-type.application";
		};
		73944544275506D700075F30 /* AudioRecorderTests */ = {
			isa = PBXNativeTarget;
			buildConfigurationList = 7394455C275506D700075F30 /* Build configuration list for PBXNativeTarget "AudioRecorderTests" */;
			buildPhases = (
				73944541275506D700075F30 /* Sources */,
				73944542275506D700075F30 /* Frameworks */,
				73944543275506D700075F30 /* Resources */,
			);
			buildRules = (
			);
			dependencies = (
				73944547275506D700075F30 /* PBXTargetDependency */,
			);
			name = AudioRecorderTests;
			productName = AudioRecorderTests;
			productReference = 73944545275506D700075F30 /* AudioRecorderTests.xctest */;
			productType = "com.apple.product-type.bundle.unit-test";
		};
		7394454E275506D700075F30 /* AudioRecorderUITests */ = {
			isa = PBXNativeTarget;
			buildConfigurationList = 7394455F275506D700075F30 /* Build configuration list for PBXNativeTarget "AudioRecorderUITests" */;
			buildPhases = (
				7394454B275506D700075F30 /* Sources */,
				7394454C275506D700075F30 /* Frameworks */,
				7394454D275506D700075F30 /* Resources */,
			);
			buildRules = (
			);
			dependencies = (
				73944551275506D700075F30 /* PBXTargetDependency */,
			);
			name = AudioRecorderUITests;
			productName = AudioRecorderUITests;
			productReference = 7394454F275506D700075F30 /* AudioRecorderUITests.xctest */;
			productType = "com.apple.product-type.bundle.ui-testing";
		};
/* End PBXNativeTarget section */

/* Begin PBXProject section */
		73944524275506D400075F30 /* Project object */ = {
			isa = PBXProject;
			attributes = {
				BuildIndependentTargetsInParallel = 1;
				LastSwiftUpdateCheck = 1320;
				LastUpgradeCheck = 1320;
				TargetAttributes = {
					7394452B275506D400075F30 = {
						CreatedOnToolsVersion = 13.2;
					};
					73944544275506D700075F30 = {
						CreatedOnToolsVersion = 13.2;
						TestTargetID = 7394452B275506D400075F30;
					};
					7394454E275506D700075F30 = {
						CreatedOnToolsVersion = 13.2;
						TestTargetID = 7394452B275506D400075F30;
					};
				};
			};
			buildConfigurationList = 73944527275506D400075F30 /* Build configuration list for PBXProject "AudioRecorder" */;
			compatibilityVersion = "Xcode 13.0";
			developmentRegion = en;
			hasScannedForEncodings = 0;
			knownRegions = (
				en,
				Base,
			);
			mainGroup = 73944523275506D400075F30;
			productRefGroup = 7394452D275506D400075F30 /* Products */;
			projectDirPath = "";
			projectRoot = "";
			targets = (
				7394452B275506D400075F30 /* AudioRecorder */,
				73944544275506D700075F30 /* AudioRecorderTests */,
				7394454E275506D700075F30 /* AudioRecorderUITests */,
			);
		};
/* End PBXProject section */

/* Begin PBXResourcesBuildPhase section */
		7394452A275506D400075F30 /* Resources */ = {
			isa = PBXResourcesBuildPhase;
			buildActionMask = 2147483647;
			files = (
				7394453F275506D600075F30 /* LaunchScreen.storyboard in Resources */,
				7394453C275506D600075F30 /* Assets.xcassets in Resources */,
			);
			runOnlyForDeploymentPostprocessing = 0;
		};
		73944543275506D700075F30 /* Resources */ = {
			isa = PBXResourcesBuildPhase;
			buildActionMask = 2147483647;
			files = (
			);
			runOnlyForDeploymentPostprocessing = 0;
		};
		7394454D275506D700075F30 /* Resources */ = {
			isa = PBXResourcesBuildPhase;
			buildActionMask = 2147483647;
			files = (
			);
			runOnlyForDeploymentPostprocessing = 0;
		};
/* End PBXResourcesBuildPhase section */

/* Begin PBXSourcesBuildPhase section */
		73944528275506D400075F30 /* Sources */ = {
			isa = PBXSourcesBuildPhase;
			buildActionMask = 2147483647;
			files = (
				73944534275506D400075F30 /* RecordingListModule.swift in Sources */,
				73944530275506D400075F30 /* AppDelegate.swift in Sources */,
				738A26BF2757779F00F89B9E /* RecordingListModuleInteractorInputProtocol.swift in Sources */,
				73C0FC19275A64EB00ED0846 /* MainControllerWireFrame.swift in Sources */,
				738A26C5275777BC00F89B9E /* RecordingListWireFrame.swift in Sources */,
				73C0FC1B275A651300ED0846 /* MainControllerWireFrameProtocol.swift in Sources */,
				738A26DD275787DA00F89B9E /* RecorderModulePresenterProtocol.swift in Sources */,
				738A26E1275787F700F89B9E /* RecorderModuleWireFrameProtocol.swift in Sources */,
				738A26D9275787C200F89B9E /* RecorderModuleInteractorOutputProtocol.swift in Sources */,
				7394453A275506D400075F30 /* AudioRecorder.xcdatamodeld in Sources */,
				738A26D12757878700F89B9E /* RecorderModuleView.swift in Sources */,
				738A26C1275777A800F89B9E /* MainPresenter.swift in Sources */,
				738A26C3275777B500F89B9E /* RecordingListWireFrameProtocol.swift in Sources */,
				738A26E327578A9400F89B9E /* RecordingListInteractorOutput.swift in Sources */,
				738A26BD2757777600F89B9E /* RecordingListModulePresenterProtocol.swift in Sources */,
				738A26E527578B2100F89B9E /* RecorderModuleInteractorOutput.swift in Sources */,
				738A26CA27577D6E00F89B9E /* RecordingListModuleViewProtocol.swift in Sources */,
				738A26D3275787A000F89B9E /* RecorderModuleViewProtocol.swift in Sources */,
				738A26BB2757776800F89B9E /* RecordingListInteractorOutputProtocol.swift in Sources */,
				738A26DF275787E700F89B9E /* RecorderModuleWireFrame.swift in Sources */,
				738A26D5275787AA00F89B9E /* RecorderModuleInteractor.swift in Sources */,
				738A26DB275787D100F89B9E /* RecorderModulePresenter.swift in Sources */,
				738A26B92757775B00F89B9E /* RecordingListInteractor.swift in Sources */,
				73944532275506D400075F30 /* SceneDelegate.swift in Sources */,
				738A26D7275787B700F89B9E /* RecorderModuleInteractorInputProtocol.swift in Sources */,
			);
			runOnlyForDeploymentPostprocessing = 0;
		};
		73944541275506D700075F30 /* Sources */ = {
			isa = PBXSourcesBuildPhase;
			buildActionMask = 2147483647;
			files = (
			);
			runOnlyForDeploymentPostprocessing = 0;
		};
		7394454B275506D700075F30 /* Sources */ = {
			isa = PBXSourcesBuildPhase;
			buildActionMask = 2147483647;
			files = (
			);
			runOnlyForDeploymentPostprocessing = 0;
		};
/* End PBXSourcesBuildPhase section */

/* Begin PBXTargetDependency section */
		73944547275506D700075F30 /* PBXTargetDependency */ = {
			isa = PBXTargetDependency;
			target = 7394452B275506D400075F30 /* AudioRecorder */;
			targetProxy = 73944546275506D700075F30 /* PBXContainerItemProxy */;
		};
		73944551275506D700075F30 /* PBXTargetDependency */ = {
			isa = PBXTargetDependency;
			target = 7394452B275506D400075F30 /* AudioRecorder */;
			targetProxy = 73944550275506D700075F30 /* PBXContainerItemProxy */;
		};
/* End PBXTargetDependency section */

/* Begin PBXVariantGroup section */
		7394453D275506D600075F30 /* LaunchScreen.storyboard */ = {
			isa = PBXVariantGroup;
			children = (
				7394453E275506D600075F30 /* Base */,
			);
			name = LaunchScreen.storyboard;
			sourceTree = "<group>";
		};
/* End PBXVariantGroup section */

/* Begin XCBuildConfiguration section */
		73944557275506D700075F30 /* Debug */ = {
			isa = XCBuildConfiguration;
			buildSettings = {
				ALWAYS_SEARCH_USER_PATHS = NO;
				CLANG_ANALYZER_NONNULL = YES;
				CLANG_ANALYZER_NUMBER_OBJECT_CONVERSION = YES_AGGRESSIVE;
				CLANG_CXX_LANGUAGE_STANDARD = "gnu++17";
				CLANG_CXX_LIBRARY = "libc++";
				CLANG_ENABLE_MODULES = YES;
				CLANG_ENABLE_OBJC_ARC = YES;
				CLANG_ENABLE_OBJC_WEAK = YES;
				CLANG_WARN_BLOCK_CAPTURE_AUTORELEASING = YES;
				CLANG_WARN_BOOL_CONVERSION = YES;
				CLANG_WARN_COMMA = YES;
				CLANG_WARN_CONSTANT_CONVERSION = YES;
				CLANG_WARN_DEPRECATED_OBJC_IMPLEMENTATIONS = YES;
				CLANG_WARN_DIRECT_OBJC_ISA_USAGE = YES_ERROR;
				CLANG_WARN_DOCUMENTATION_COMMENTS = YES;
				CLANG_WARN_EMPTY_BODY = YES;
				CLANG_WARN_ENUM_CONVERSION = YES;
				CLANG_WARN_INFINITE_RECURSION = YES;
				CLANG_WARN_INT_CONVERSION = YES;
				CLANG_WARN_NON_LITERAL_NULL_CONVERSION = YES;
				CLANG_WARN_OBJC_IMPLICIT_RETAIN_SELF = YES;
				CLANG_WARN_OBJC_LITERAL_CONVERSION = YES;
				CLANG_WARN_OBJC_ROOT_CLASS = YES_ERROR;
				CLANG_WARN_QUOTED_INCLUDE_IN_FRAMEWORK_HEADER = YES;
				CLANG_WARN_RANGE_LOOP_ANALYSIS = YES;
				CLANG_WARN_STRICT_PROTOTYPES = YES;
				CLANG_WARN_SUSPICIOUS_MOVE = YES;
				CLANG_WARN_UNGUARDED_AVAILABILITY = YES_AGGRESSIVE;
				CLANG_WARN_UNREACHABLE_CODE = YES;
				CLANG_WARN__DUPLICATE_METHOD_MATCH = YES;
				COPY_PHASE_STRIP = NO;
				DEBUG_INFORMATION_FORMAT = dwarf;
				ENABLE_STRICT_OBJC_MSGSEND = YES;
				ENABLE_TESTABILITY = YES;
				GCC_C_LANGUAGE_STANDARD = gnu11;
				GCC_DYNAMIC_NO_PIC = NO;
				GCC_NO_COMMON_BLOCKS = YES;
				GCC_OPTIMIZATION_LEVEL = 0;
				GCC_PREPROCESSOR_DEFINITIONS = (
					"DEBUG=1",
					"$(inherited)",
				);
				GCC_WARN_64_TO_32_BIT_CONVERSION = YES;
				GCC_WARN_ABOUT_RETURN_TYPE = YES_ERROR;
				GCC_WARN_UNDECLARED_SELECTOR = YES;
				GCC_WARN_UNINITIALIZED_AUTOS = YES_AGGRESSIVE;
				GCC_WARN_UNUSED_FUNCTION = YES;
				GCC_WARN_UNUSED_VARIABLE = YES;
				IPHONEOS_DEPLOYMENT_TARGET = 15.2;
				MTL_ENABLE_DEBUG_INFO = INCLUDE_SOURCE;
				MTL_FAST_MATH = YES;
				ONLY_ACTIVE_ARCH = YES;
				SDKROOT = iphoneos;
				SWIFT_ACTIVE_COMPILATION_CONDITIONS = DEBUG;
				SWIFT_OPTIMIZATION_LEVEL = "-Onone";
			};
			name = Debug;
		};
		73944558275506D700075F30 /* Release */ = {
			isa = XCBuildConfiguration;
			buildSettings = {
				ALWAYS_SEARCH_USER_PATHS = NO;
				CLANG_ANALYZER_NONNULL = YES;
				CLANG_ANALYZER_NUMBER_OBJECT_CONVERSION = YES_AGGRESSIVE;
				CLANG_CXX_LANGUAGE_STANDARD = "gnu++17";
				CLANG_CXX_LIBRARY = "libc++";
				CLANG_ENABLE_MODULES = YES;
				CLANG_ENABLE_OBJC_ARC = YES;
				CLANG_ENABLE_OBJC_WEAK = YES;
				CLANG_WARN_BLOCK_CAPTURE_AUTORELEASING = YES;
				CLANG_WARN_BOOL_CONVERSION = YES;
				CLANG_WARN_COMMA = YES;
				CLANG_WARN_CONSTANT_CONVERSION = YES;
				CLANG_WARN_DEPRECATED_OBJC_IMPLEMENTATIONS = YES;
				CLANG_WARN_DIRECT_OBJC_ISA_USAGE = YES_ERROR;
				CLANG_WARN_DOCUMENTATION_COMMENTS = YES;
				CLANG_WARN_EMPTY_BODY = YES;
				CLANG_WARN_ENUM_CONVERSION = YES;
				CLANG_WARN_INFINITE_RECURSION = YES;
				CLANG_WARN_INT_CONVERSION = YES;
				CLANG_WARN_NON_LITERAL_NULL_CONVERSION = YES;
				CLANG_WARN_OBJC_IMPLICIT_RETAIN_SELF = YES;
				CLANG_WARN_OBJC_LITERAL_CONVERSION = YES;
				CLANG_WARN_OBJC_ROOT_CLASS = YES_ERROR;
				CLANG_WARN_QUOTED_INCLUDE_IN_FRAMEWORK_HEADER = YES;
				CLANG_WARN_RANGE_LOOP_ANALYSIS = YES;
				CLANG_WARN_STRICT_PROTOTYPES = YES;
				CLANG_WARN_SUSPICIOUS_MOVE = YES;
				CLANG_WARN_UNGUARDED_AVAILABILITY = YES_AGGRESSIVE;
				CLANG_WARN_UNREACHABLE_CODE = YES;
				CLANG_WARN__DUPLICATE_METHOD_MATCH = YES;
				COPY_PHASE_STRIP = NO;
				DEBUG_INFORMATION_FORMAT = "dwarf-with-dsym";
				ENABLE_NS_ASSERTIONS = NO;
				ENABLE_STRICT_OBJC_MSGSEND = YES;
				GCC_C_LANGUAGE_STANDARD = gnu11;
				GCC_NO_COMMON_BLOCKS = YES;
				GCC_WARN_64_TO_32_BIT_CONVERSION = YES;
				GCC_WARN_ABOUT_RETURN_TYPE = YES_ERROR;
				GCC_WARN_UNDECLARED_SELECTOR = YES;
				GCC_WARN_UNINITIALIZED_AUTOS = YES_AGGRESSIVE;
				GCC_WARN_UNUSED_FUNCTION = YES;
				GCC_WARN_UNUSED_VARIABLE = YES;
				IPHONEOS_DEPLOYMENT_TARGET = 15.2;
				MTL_ENABLE_DEBUG_INFO = NO;
				MTL_FAST_MATH = YES;
				SDKROOT = iphoneos;
				SWIFT_COMPILATION_MODE = wholemodule;
				SWIFT_OPTIMIZATION_LEVEL = "-O";
				VALIDATE_PRODUCT = YES;
			};
			name = Release;
		};
		7394455A275506D700075F30 /* Debug */ = {
			isa = XCBuildConfiguration;
			buildSettings = {
				ASSETCATALOG_COMPILER_APPICON_NAME = AppIcon;
				ASSETCATALOG_COMPILER_GLOBAL_ACCENT_COLOR_NAME = AccentColor;
				CODE_SIGN_STYLE = Automatic;
				CURRENT_PROJECT_VERSION = 1;
				DEVELOPMENT_TEAM = UU5J2SPKHT;
				GENERATE_INFOPLIST_FILE = YES;
				INFOPLIST_FILE = AudioRecorder/Info.plist;
				INFOPLIST_KEY_UIApplicationSupportsIndirectInputEvents = YES;
				INFOPLIST_KEY_UILaunchStoryboardName = LaunchScreen;
				INFOPLIST_KEY_UISupportedInterfaceOrientations_iPad = "UIInterfaceOrientationPortrait UIInterfaceOrientationPortraitUpsideDown UIInterfaceOrientationLandscapeLeft UIInterfaceOrientationLandscapeRight";
				INFOPLIST_KEY_UISupportedInterfaceOrientations_iPhone = "UIInterfaceOrientationPortrait UIInterfaceOrientationLandscapeLeft UIInterfaceOrientationLandscapeRight";
				LD_RUNPATH_SEARCH_PATHS = (
					"$(inherited)",
					"@executable_path/Frameworks",
				);
				MARKETING_VERSION = 1.0;
				PRODUCT_BUNDLE_IDENTIFIER = com.risinggalaxy.com.AudioRecorder;
				PRODUCT_NAME = "$(TARGET_NAME)";
				SWIFT_EMIT_LOC_STRINGS = YES;
				SWIFT_VERSION = 5.0;
				TARGETED_DEVICE_FAMILY = "1,2";
			};
			name = Debug;
		};
		7394455B275506D700075F30 /* Release */ = {
			isa = XCBuildConfiguration;
			buildSettings = {
				ASSETCATALOG_COMPILER_APPICON_NAME = AppIcon;
				ASSETCATALOG_COMPILER_GLOBAL_ACCENT_COLOR_NAME = AccentColor;
				CODE_SIGN_STYLE = Automatic;
				CURRENT_PROJECT_VERSION = 1;
				DEVELOPMENT_TEAM = UU5J2SPKHT;
				GENERATE_INFOPLIST_FILE = YES;
				INFOPLIST_FILE = AudioRecorder/Info.plist;
				INFOPLIST_KEY_UIApplicationSupportsIndirectInputEvents = YES;
				INFOPLIST_KEY_UILaunchStoryboardName = LaunchScreen;
				INFOPLIST_KEY_UISupportedInterfaceOrientations_iPad = "UIInterfaceOrientationPortrait UIInterfaceOrientationPortraitUpsideDown UIInterfaceOrientationLandscapeLeft UIInterfaceOrientationLandscapeRight";
				INFOPLIST_KEY_UISupportedInterfaceOrientations_iPhone = "UIInterfaceOrientationPortrait UIInterfaceOrientationLandscapeLeft UIInterfaceOrientationLandscapeRight";
				LD_RUNPATH_SEARCH_PATHS = (
					"$(inherited)",
					"@executable_path/Frameworks",
				);
				MARKETING_VERSION = 1.0;
				PRODUCT_BUNDLE_IDENTIFIER = com.risinggalaxy.com.AudioRecorder;
				PRODUCT_NAME = "$(TARGET_NAME)";
				SWIFT_EMIT_LOC_STRINGS = YES;
				SWIFT_VERSION = 5.0;
				TARGETED_DEVICE_FAMILY = "1,2";
			};
			name = Release;
		};
		7394455D275506D700075F30 /* Debug */ = {
			isa = XCBuildConfiguration;
			buildSettings = {
				ALWAYS_EMBED_SWIFT_STANDARD_LIBRARIES = YES;
				BUNDLE_LOADER = "$(TEST_HOST)";
				CODE_SIGN_STYLE = Automatic;
				CURRENT_PROJECT_VERSION = 1;
				DEVELOPMENT_TEAM = UU5J2SPKHT;
				GENERATE_INFOPLIST_FILE = YES;
				IPHONEOS_DEPLOYMENT_TARGET = 15.2;
				MARKETING_VERSION = 1.0;
				PRODUCT_BUNDLE_IDENTIFIER = com.risinggalaxy.com.AudioRecorderTests;
				PRODUCT_NAME = "$(TARGET_NAME)";
				SWIFT_EMIT_LOC_STRINGS = NO;
				SWIFT_VERSION = 5.0;
				TARGETED_DEVICE_FAMILY = "1,2";
				TEST_HOST = "$(BUILT_PRODUCTS_DIR)/AudioRecorder.app/AudioRecorder";
			};
			name = Debug;
		};
		7394455E275506D700075F30 /* Release */ = {
			isa = XCBuildConfiguration;
			buildSettings = {
				ALWAYS_EMBED_SWIFT_STANDARD_LIBRARIES = YES;
				BUNDLE_LOADER = "$(TEST_HOST)";
				CODE_SIGN_STYLE = Automatic;
				CURRENT_PROJECT_VERSION = 1;
				DEVELOPMENT_TEAM = UU5J2SPKHT;
				GENERATE_INFOPLIST_FILE = YES;
				IPHONEOS_DEPLOYMENT_TARGET = 15.2;
				MARKETING_VERSION = 1.0;
				PRODUCT_BUNDLE_IDENTIFIER = com.risinggalaxy.com.AudioRecorderTests;
				PRODUCT_NAME = "$(TARGET_NAME)";
				SWIFT_EMIT_LOC_STRINGS = NO;
				SWIFT_VERSION = 5.0;
				TARGETED_DEVICE_FAMILY = "1,2";
				TEST_HOST = "$(BUILT_PRODUCTS_DIR)/AudioRecorder.app/AudioRecorder";
			};
			name = Release;
		};
		73944560275506D700075F30 /* Debug */ = {
			isa = XCBuildConfiguration;
			buildSettings = {
				ALWAYS_EMBED_SWIFT_STANDARD_LIBRARIES = YES;
				CODE_SIGN_STYLE = Automatic;
				CURRENT_PROJECT_VERSION = 1;
				DEVELOPMENT_TEAM = UU5J2SPKHT;
				GENERATE_INFOPLIST_FILE = YES;
				MARKETING_VERSION = 1.0;
				PRODUCT_BUNDLE_IDENTIFIER = com.risinggalaxy.com.AudioRecorderUITests;
				PRODUCT_NAME = "$(TARGET_NAME)";
				SWIFT_EMIT_LOC_STRINGS = NO;
				SWIFT_VERSION = 5.0;
				TARGETED_DEVICE_FAMILY = "1,2";
				TEST_TARGET_NAME = AudioRecorder;
			};
			name = Debug;
		};
		73944561275506D700075F30 /* Release */ = {
			isa = XCBuildConfiguration;
			buildSettings = {
				ALWAYS_EMBED_SWIFT_STANDARD_LIBRARIES = YES;
				CODE_SIGN_STYLE = Automatic;
				CURRENT_PROJECT_VERSION = 1;
				DEVELOPMENT_TEAM = UU5J2SPKHT;
				GENERATE_INFOPLIST_FILE = YES;
				MARKETING_VERSION = 1.0;
				PRODUCT_BUNDLE_IDENTIFIER = com.risinggalaxy.com.AudioRecorderUITests;
				PRODUCT_NAME = "$(TARGET_NAME)";
				SWIFT_EMIT_LOC_STRINGS = NO;
				SWIFT_VERSION = 5.0;
				TARGETED_DEVICE_FAMILY = "1,2";
				TEST_TARGET_NAME = AudioRecorder;
			};
			name = Release;
		};
/* End XCBuildConfiguration section */

/* Begin XCConfigurationList section */
		73944527275506D400075F30 /* Build configuration list for PBXProject "AudioRecorder" */ = {
			isa = XCConfigurationList;
			buildConfigurations = (
				73944557275506D700075F30 /* Debug */,
				73944558275506D700075F30 /* Release */,
			);
			defaultConfigurationIsVisible = 0;
			defaultConfigurationName = Release;
		};
		73944559275506D700075F30 /* Build configuration list for PBXNativeTarget "AudioRecorder" */ = {
			isa = XCConfigurationList;
			buildConfigurations = (
				7394455A275506D700075F30 /* Debug */,
				7394455B275506D700075F30 /* Release */,
			);
			defaultConfigurationIsVisible = 0;
			defaultConfigurationName = Release;
		};
		7394455C275506D700075F30 /* Build configuration list for PBXNativeTarget "AudioRecorderTests" */ = {
			isa = XCConfigurationList;
			buildConfigurations = (
				7394455D275506D700075F30 /* Debug */,
				7394455E275506D700075F30 /* Release */,
			);
			defaultConfigurationIsVisible = 0;
			defaultConfigurationName = Release;
		};
		7394455F275506D700075F30 /* Build configuration list for PBXNativeTarget "AudioRecorderUITests" */ = {
			isa = XCConfigurationList;
			buildConfigurations = (
				73944560275506D700075F30 /* Debug */,
				73944561275506D700075F30 /* Release */,
			);
			defaultConfigurationIsVisible = 0;
			defaultConfigurationName = Release;
		};
/* End XCConfigurationList section */

/* Begin XCVersionGroup section */
		73944538275506D400075F30 /* AudioRecorder.xcdatamodeld */ = {
			isa = XCVersionGroup;
			children = (
				73944539275506D400075F30 /* AudioRecorder.xcdatamodel */,
			);
			currentVersion = 73944539275506D400075F30 /* AudioRecorder.xcdatamodel */;
			path = AudioRecorder.xcdatamodeld;
			sourceTree = "<group>";
			versionGroupType = wrapper.xcdatamodel;
		};
/* End XCVersionGroup section */
	};
	rootObject = 73944524275506D400075F30 /* Project object */;
}
